// !$*UTF8*$!
{
	archiveVersion = 1;
	classes = {
	};
	objectVersion = 46;
	objects = {

/* Begin PBXBuildFile section */
		55D3EF9B7162D2D066869B05 /* Pods_SocialMediaAppUITests.framework in Frameworks */ = {isa = PBXBuildFile; fileRef = 76DA853E3AF51110B6658CCD /* Pods_SocialMediaAppUITests.framework */; };
		713B12E61D7D713F00AF79C3 /* AppDelegate.swift in Sources */ = {isa = PBXBuildFile; fileRef = 713B12E51D7D713F00AF79C3 /* AppDelegate.swift */; };
		713B12E81D7D713F00AF79C3 /* SignInVC.swift in Sources */ = {isa = PBXBuildFile; fileRef = 713B12E71D7D713F00AF79C3 /* SignInVC.swift */; };
		713B12EB1D7D713F00AF79C3 /* Main.storyboard in Resources */ = {isa = PBXBuildFile; fileRef = 713B12E91D7D713F00AF79C3 /* Main.storyboard */; };
		713B12ED1D7D713F00AF79C3 /* Assets.xcassets in Resources */ = {isa = PBXBuildFile; fileRef = 713B12EC1D7D713F00AF79C3 /* Assets.xcassets */; };
		713B12F01D7D713F00AF79C3 /* LaunchScreen.storyboard in Resources */ = {isa = PBXBuildFile; fileRef = 713B12EE1D7D713F00AF79C3 /* LaunchScreen.storyboard */; };
		713B12FB1D7D713F00AF79C3 /* SocialMediaAppTests.swift in Sources */ = {isa = PBXBuildFile; fileRef = 713B12FA1D7D713F00AF79C3 /* SocialMediaAppTests.swift */; };
		713B13061D7D713F00AF79C3 /* SocialMediaAppUITests.swift in Sources */ = {isa = PBXBuildFile; fileRef = 713B13051D7D713F00AF79C3 /* SocialMediaAppUITests.swift */; };
		713B13141D7D733700AF79C3 /* GoogleService-Info.plist in Resources */ = {isa = PBXBuildFile; fileRef = 713B13131D7D733700AF79C3 /* GoogleService-Info.plist */; };
		713B131A1D7EBD5700AF79C3 /* ShadowView.swift in Sources */ = {isa = PBXBuildFile; fileRef = 713B13191D7EBD5700AF79C3 /* ShadowView.swift */; };
		713B131D1D7EBE2D00AF79C3 /* Constants.swift in Sources */ = {isa = PBXBuildFile; fileRef = 713B131C1D7EBE2D00AF79C3 /* Constants.swift */; };
		713B131F1D7EC1E100AF79C3 /* RoundButton.swift in Sources */ = {isa = PBXBuildFile; fileRef = 713B131E1D7EC1E100AF79C3 /* RoundButton.swift */; };
		713B13211D7EC46800AF79C3 /* NoBorderTextField.swift in Sources */ = {isa = PBXBuildFile; fileRef = 713B13201D7EC46800AF79C3 /* NoBorderTextField.swift */; };
		713B13231D7EC94800AF79C3 /* ShadowButton.swift in Sources */ = {isa = PBXBuildFile; fileRef = 713B13221D7EC94800AF79C3 /* ShadowButton.swift */; };
		71578F331D841DA5004B56AE /* FeedVC.swift in Sources */ = {isa = PBXBuildFile; fileRef = 71578F321D841DA5004B56AE /* FeedVC.swift */; };
		71CE62511D858C66002C5B0B /* CircleView.swift in Sources */ = {isa = PBXBuildFile; fileRef = 71CE62501D858C66002C5B0B /* CircleView.swift */; };
		A710C3FCB0C7313163A7BAE8 /* Pods_SocialMediaApp.framework in Frameworks */ = {isa = PBXBuildFile; fileRef = 0715497FF7BBA031409B8095 /* Pods_SocialMediaApp.framework */; };
		C316D6D9CEF06844E23D1227 /* Pods_SocialMediaAppTests.framework in Frameworks */ = {isa = PBXBuildFile; fileRef = C0AA5EA03C4ACC502DA33078 /* Pods_SocialMediaAppTests.framework */; };
/* End PBXBuildFile section */

/* Begin PBXContainerItemProxy section */
		713B12F71D7D713F00AF79C3 /* PBXContainerItemProxy */ = {
			isa = PBXContainerItemProxy;
			containerPortal = 713B12DA1D7D713F00AF79C3 /* Project object */;
			proxyType = 1;
			remoteGlobalIDString = 713B12E11D7D713F00AF79C3;
			remoteInfo = SocialMediaApp;
		};
		713B13021D7D713F00AF79C3 /* PBXContainerItemProxy */ = {
			isa = PBXContainerItemProxy;
			containerPortal = 713B12DA1D7D713F00AF79C3 /* Project object */;
			proxyType = 1;
			remoteGlobalIDString = 713B12E11D7D713F00AF79C3;
			remoteInfo = SocialMediaApp;
		};
/* End PBXContainerItemProxy section */

/* Begin PBXFileReference section */
		0715497FF7BBA031409B8095 /* Pods_SocialMediaApp.framework */ = {isa = PBXFileReference; explicitFileType = wrapper.framework; includeInIndex = 0; path = Pods_SocialMediaApp.framework; sourceTree = BUILT_PRODUCTS_DIR; };
		1ECB4C7DE4B73C61CA8DD4D4 /* Pods-SocialMediaApp.debug.xcconfig */ = {isa = PBXFileReference; includeInIndex = 1; lastKnownFileType = text.xcconfig; name = "Pods-SocialMediaApp.debug.xcconfig"; path = "Pods/Target Support Files/Pods-SocialMediaApp/Pods-SocialMediaApp.debug.xcconfig"; sourceTree = "<group>"; };
		44DED71F5572EE62F77C2998 /* Pods-SocialMediaAppTests.release.xcconfig */ = {isa = PBXFileReference; includeInIndex = 1; lastKnownFileType = text.xcconfig; name = "Pods-SocialMediaAppTests.release.xcconfig"; path = "Pods/Target Support Files/Pods-SocialMediaAppTests/Pods-SocialMediaAppTests.release.xcconfig"; sourceTree = "<group>"; };
		53FBE88AB9872EA5ABE20FFB /* Pods-SocialMediaAppUITests.debug.xcconfig */ = {isa = PBXFileReference; includeInIndex = 1; lastKnownFileType = text.xcconfig; name = "Pods-SocialMediaAppUITests.debug.xcconfig"; path = "Pods/Target Support Files/Pods-SocialMediaAppUITests/Pods-SocialMediaAppUITests.debug.xcconfig"; sourceTree = "<group>"; };
		5C4B31E556B31AEC95DCE060 /* Pods-SocialMediaAppTests.debug.xcconfig */ = {isa = PBXFileReference; includeInIndex = 1; lastKnownFileType = text.xcconfig; name = "Pods-SocialMediaAppTests.debug.xcconfig"; path = "Pods/Target Support Files/Pods-SocialMediaAppTests/Pods-SocialMediaAppTests.debug.xcconfig"; sourceTree = "<group>"; };
		713B12E21D7D713F00AF79C3 /* SocialMediaApp.app */ = {isa = PBXFileReference; explicitFileType = wrapper.application; includeInIndex = 0; path = SocialMediaApp.app; sourceTree = BUILT_PRODUCTS_DIR; };
		713B12E51D7D713F00AF79C3 /* AppDelegate.swift */ = {isa = PBXFileReference; lastKnownFileType = sourcecode.swift; path = AppDelegate.swift; sourceTree = "<group>"; };
		713B12E71D7D713F00AF79C3 /* SignInVC.swift */ = {isa = PBXFileReference; lastKnownFileType = sourcecode.swift; path = SignInVC.swift; sourceTree = "<group>"; };
		713B12EA1D7D713F00AF79C3 /* Base */ = {isa = PBXFileReference; lastKnownFileType = file.storyboard; name = Base; path = Base.lproj/Main.storyboard; sourceTree = "<group>"; };
		713B12EC1D7D713F00AF79C3 /* Assets.xcassets */ = {isa = PBXFileReference; lastKnownFileType = folder.assetcatalog; path = Assets.xcassets; sourceTree = "<group>"; };
		713B12EF1D7D713F00AF79C3 /* Base */ = {isa = PBXFileReference; lastKnownFileType = file.storyboard; name = Base; path = Base.lproj/LaunchScreen.storyboard; sourceTree = "<group>"; };
		713B12F11D7D713F00AF79C3 /* Info.plist */ = {isa = PBXFileReference; lastKnownFileType = text.plist.xml; path = Info.plist; sourceTree = "<group>"; };
		713B12F61D7D713F00AF79C3 /* SocialMediaAppTests.xctest */ = {isa = PBXFileReference; explicitFileType = wrapper.cfbundle; includeInIndex = 0; path = SocialMediaAppTests.xctest; sourceTree = BUILT_PRODUCTS_DIR; };
		713B12FA1D7D713F00AF79C3 /* SocialMediaAppTests.swift */ = {isa = PBXFileReference; lastKnownFileType = sourcecode.swift; path = SocialMediaAppTests.swift; sourceTree = "<group>"; };
		713B12FC1D7D713F00AF79C3 /* Info.plist */ = {isa = PBXFileReference; lastKnownFileType = text.plist.xml; path = Info.plist; sourceTree = "<group>"; };
		713B13011D7D713F00AF79C3 /* SocialMediaAppUITests.xctest */ = {isa = PBXFileReference; explicitFileType = wrapper.cfbundle; includeInIndex = 0; path = SocialMediaAppUITests.xctest; sourceTree = BUILT_PRODUCTS_DIR; };
		713B13051D7D713F00AF79C3 /* SocialMediaAppUITests.swift */ = {isa = PBXFileReference; lastKnownFileType = sourcecode.swift; path = SocialMediaAppUITests.swift; sourceTree = "<group>"; };
		713B13071D7D713F00AF79C3 /* Info.plist */ = {isa = PBXFileReference; lastKnownFileType = text.plist.xml; path = Info.plist; sourceTree = "<group>"; };
		713B13131D7D733700AF79C3 /* GoogleService-Info.plist */ = {isa = PBXFileReference; fileEncoding = 4; lastKnownFileType = text.plist.xml; path = "GoogleService-Info.plist"; sourceTree = "<group>"; };
		713B13191D7EBD5700AF79C3 /* ShadowView.swift */ = {isa = PBXFileReference; fileEncoding = 4; lastKnownFileType = sourcecode.swift; path = ShadowView.swift; sourceTree = "<group>"; };
		713B131C1D7EBE2D00AF79C3 /* Constants.swift */ = {isa = PBXFileReference; fileEncoding = 4; lastKnownFileType = sourcecode.swift; path = Constants.swift; sourceTree = "<group>"; };
		713B131E1D7EC1E100AF79C3 /* RoundButton.swift */ = {isa = PBXFileReference; fileEncoding = 4; lastKnownFileType = sourcecode.swift; path = RoundButton.swift; sourceTree = "<group>"; };
		713B13201D7EC46800AF79C3 /* NoBorderTextField.swift */ = {isa = PBXFileReference; fileEncoding = 4; lastKnownFileType = sourcecode.swift; path = NoBorderTextField.swift; sourceTree = "<group>"; };
		713B13221D7EC94800AF79C3 /* ShadowButton.swift */ = {isa = PBXFileReference; fileEncoding = 4; lastKnownFileType = sourcecode.swift; path = ShadowButton.swift; sourceTree = "<group>"; };
		713B13241D803C8000AF79C3 /* SocialMediaApp.entitlements */ = {isa = PBXFileReference; lastKnownFileType = text.plist.entitlements; path = SocialMediaApp.entitlements; sourceTree = "<group>"; };
		71578F321D841DA5004B56AE /* FeedVC.swift */ = {isa = PBXFileReference; fileEncoding = 4; lastKnownFileType = sourcecode.swift; path = FeedVC.swift; sourceTree = "<group>"; };
		71CE62501D858C66002C5B0B /* CircleView.swift */ = {isa = PBXFileReference; fileEncoding = 4; lastKnownFileType = sourcecode.swift; path = CircleView.swift; sourceTree = "<group>"; };
		76DA853E3AF51110B6658CCD /* Pods_SocialMediaAppUITests.framework */ = {isa = PBXFileReference; explicitFileType = wrapper.framework; includeInIndex = 0; path = Pods_SocialMediaAppUITests.framework; sourceTree = BUILT_PRODUCTS_DIR; };
		A2A80B342CC6FFCA4CE04101 /* Pods-SocialMediaAppUITests.release.xcconfig */ = {isa = PBXFileReference; includeInIndex = 1; lastKnownFileType = text.xcconfig; name = "Pods-SocialMediaAppUITests.release.xcconfig"; path = "Pods/Target Support Files/Pods-SocialMediaAppUITests/Pods-SocialMediaAppUITests.release.xcconfig"; sourceTree = "<group>"; };
		C0AA5EA03C4ACC502DA33078 /* Pods_SocialMediaAppTests.framework */ = {isa = PBXFileReference; explicitFileType = wrapper.framework; includeInIndex = 0; path = Pods_SocialMediaAppTests.framework; sourceTree = BUILT_PRODUCTS_DIR; };
		CBBFC757ABB0FFE0093B5D8C /* Pods-SocialMediaApp.release.xcconfig */ = {isa = PBXFileReference; includeInIndex = 1; lastKnownFileType = text.xcconfig; name = "Pods-SocialMediaApp.release.xcconfig"; path = "Pods/Target Support Files/Pods-SocialMediaApp/Pods-SocialMediaApp.release.xcconfig"; sourceTree = "<group>"; };
/* End PBXFileReference section */

/* Begin PBXFrameworksBuildPhase section */
		713B12DF1D7D713F00AF79C3 /* Frameworks */ = {
			isa = PBXFrameworksBuildPhase;
			buildActionMask = 2147483647;
			files = (
				A710C3FCB0C7313163A7BAE8 /* Pods_SocialMediaApp.framework in Frameworks */,
			);
			runOnlyForDeploymentPostprocessing = 0;
		};
		713B12F31D7D713F00AF79C3 /* Frameworks */ = {
			isa = PBXFrameworksBuildPhase;
			buildActionMask = 2147483647;
			files = (
				C316D6D9CEF06844E23D1227 /* Pods_SocialMediaAppTests.framework in Frameworks */,
			);
			runOnlyForDeploymentPostprocessing = 0;
		};
		713B12FE1D7D713F00AF79C3 /* Frameworks */ = {
			isa = PBXFrameworksBuildPhase;
			buildActionMask = 2147483647;
			files = (
				55D3EF9B7162D2D066869B05 /* Pods_SocialMediaAppUITests.framework in Frameworks */,
			);
			runOnlyForDeploymentPostprocessing = 0;
		};
/* End PBXFrameworksBuildPhase section */

/* Begin PBXGroup section */
		1043D33C3FB9A992212A0BD6 /* Frameworks */ = {
			isa = PBXGroup;
			children = (
				0715497FF7BBA031409B8095 /* Pods_SocialMediaApp.framework */,
				C0AA5EA03C4ACC502DA33078 /* Pods_SocialMediaAppTests.framework */,
				76DA853E3AF51110B6658CCD /* Pods_SocialMediaAppUITests.framework */,
			);
			name = Frameworks;
			sourceTree = "<group>";
		};
		713B12D91D7D713F00AF79C3 = {
			isa = PBXGroup;
			children = (
				713B12E41D7D713F00AF79C3 /* SocialMediaApp */,
				713B12F91D7D713F00AF79C3 /* SocialMediaAppTests */,
				713B13041D7D713F00AF79C3 /* SocialMediaAppUITests */,
				713B12E31D7D713F00AF79C3 /* Products */,
				C7F5CD63918F0EBC28ED6835 /* Pods */,
				1043D33C3FB9A992212A0BD6 /* Frameworks */,
			);
			sourceTree = "<group>";
		};
		713B12E31D7D713F00AF79C3 /* Products */ = {
			isa = PBXGroup;
			children = (
				713B12E21D7D713F00AF79C3 /* SocialMediaApp.app */,
				713B12F61D7D713F00AF79C3 /* SocialMediaAppTests.xctest */,
				713B13011D7D713F00AF79C3 /* SocialMediaAppUITests.xctest */,
			);
			name = Products;
			sourceTree = "<group>";
		};
		713B12E41D7D713F00AF79C3 /* SocialMediaApp */ = {
			isa = PBXGroup;
			children = (
				713B13241D803C8000AF79C3 /* SocialMediaApp.entitlements */,
				713B131B1D7EBE0800AF79C3 /* Utilities */,
				713B13171D7D82D900AF79C3 /* Controller */,
				713B13161D7D82CB00AF79C3 /* View */,
				713B13151D7D82C300AF79C3 /* Model */,
				713B13181D7D844800AF79C3 /* Defaults */,
			);
			path = SocialMediaApp;
			sourceTree = "<group>";
		};
		713B12F91D7D713F00AF79C3 /* SocialMediaAppTests */ = {
			isa = PBXGroup;
			children = (
				713B12FA1D7D713F00AF79C3 /* SocialMediaAppTests.swift */,
				713B12FC1D7D713F00AF79C3 /* Info.plist */,
			);
			path = SocialMediaAppTests;
			sourceTree = "<group>";
		};
		713B13041D7D713F00AF79C3 /* SocialMediaAppUITests */ = {
			isa = PBXGroup;
			children = (
				713B13051D7D713F00AF79C3 /* SocialMediaAppUITests.swift */,
				713B13071D7D713F00AF79C3 /* Info.plist */,
			);
			path = SocialMediaAppUITests;
			sourceTree = "<group>";
		};
		713B13151D7D82C300AF79C3 /* Model */ = {
			isa = PBXGroup;
			children = (
			);
			name = Model;
			sourceTree = "<group>";
		};
		713B13161D7D82CB00AF79C3 /* View */ = {
			isa = PBXGroup;
			children = (
				713B13191D7EBD5700AF79C3 /* ShadowView.swift */,
				713B131E1D7EC1E100AF79C3 /* RoundButton.swift */,
				713B13221D7EC94800AF79C3 /* ShadowButton.swift */,
				713B13201D7EC46800AF79C3 /* NoBorderTextField.swift */,
				71CE62501D858C66002C5B0B /* CircleView.swift */,
			);
			name = View;
			sourceTree = "<group>";
		};
		713B13171D7D82D900AF79C3 /* Controller */ = {
			isa = PBXGroup;
			children = (
				713B12E71D7D713F00AF79C3 /* SignInVC.swift */,
				71578F321D841DA5004B56AE /* FeedVC.swift */,
			);
			name = Controller;
			sourceTree = "<group>";
		};
		713B13181D7D844800AF79C3 /* Defaults */ = {
			isa = PBXGroup;
			children = (
				713B12E91D7D713F00AF79C3 /* Main.storyboard */,
				713B12EE1D7D713F00AF79C3 /* LaunchScreen.storyboard */,
				713B12E51D7D713F00AF79C3 /* AppDelegate.swift */,
				713B12EC1D7D713F00AF79C3 /* Assets.xcassets */,
				713B12F11D7D713F00AF79C3 /* Info.plist */,
				713B13131D7D733700AF79C3 /* GoogleService-Info.plist */,
			);
			name = Defaults;
			sourceTree = "<group>";
		};
		713B131B1D7EBE0800AF79C3 /* Utilities */ = {
			isa = PBXGroup;
			children = (
				713B131C1D7EBE2D00AF79C3 /* Constants.swift */,
			);
			name = Utilities;
			sourceTree = "<group>";
		};
		C7F5CD63918F0EBC28ED6835 /* Pods */ = {
			isa = PBXGroup;
			children = (
				1ECB4C7DE4B73C61CA8DD4D4 /* Pods-SocialMediaApp.debug.xcconfig */,
				CBBFC757ABB0FFE0093B5D8C /* Pods-SocialMediaApp.release.xcconfig */,
				5C4B31E556B31AEC95DCE060 /* Pods-SocialMediaAppTests.debug.xcconfig */,
				44DED71F5572EE62F77C2998 /* Pods-SocialMediaAppTests.release.xcconfig */,
				53FBE88AB9872EA5ABE20FFB /* Pods-SocialMediaAppUITests.debug.xcconfig */,
				A2A80B342CC6FFCA4CE04101 /* Pods-SocialMediaAppUITests.release.xcconfig */,
			);
			name = Pods;
			sourceTree = "<group>";
		};
/* End PBXGroup section */

/* Begin PBXNativeTarget section */
		713B12E11D7D713F00AF79C3 /* SocialMediaApp */ = {
			isa = PBXNativeTarget;
			buildConfigurationList = 713B130A1D7D713F00AF79C3 /* Build configuration list for PBXNativeTarget "SocialMediaApp" */;
			buildPhases = (
				6F31E29BF2377C7F5C286E23 /* [CP] Check Pods Manifest.lock */,
				713B12DE1D7D713F00AF79C3 /* Sources */,
				713B12DF1D7D713F00AF79C3 /* Frameworks */,
				713B12E01D7D713F00AF79C3 /* Resources */,
				87406E566A8D005D5733CB7F /* [CP] Embed Pods Frameworks */,
				75BCB09F10B3A67597DFC9FA /* [CP] Copy Pods Resources */,
			);
			buildRules = (
			);
			dependencies = (
			);
			name = SocialMediaApp;
			productName = SocialMediaApp;
			productReference = 713B12E21D7D713F00AF79C3 /* SocialMediaApp.app */;
			productType = "com.apple.product-type.application";
		};
		713B12F51D7D713F00AF79C3 /* SocialMediaAppTests */ = {
			isa = PBXNativeTarget;
			buildConfigurationList = 713B130D1D7D713F00AF79C3 /* Build configuration list for PBXNativeTarget "SocialMediaAppTests" */;
			buildPhases = (
				AD74558DA2B2631C40E3969D /* [CP] Check Pods Manifest.lock */,
				713B12F21D7D713F00AF79C3 /* Sources */,
				713B12F31D7D713F00AF79C3 /* Frameworks */,
				713B12F41D7D713F00AF79C3 /* Resources */,
				2496FD6BF237568087B0FD47 /* [CP] Embed Pods Frameworks */,
				12E5A8902C16723FBF23A003 /* [CP] Copy Pods Resources */,
			);
			buildRules = (
			);
			dependencies = (
				713B12F81D7D713F00AF79C3 /* PBXTargetDependency */,
			);
			name = SocialMediaAppTests;
			productName = SocialMediaAppTests;
			productReference = 713B12F61D7D713F00AF79C3 /* SocialMediaAppTests.xctest */;
			productType = "com.apple.product-type.bundle.unit-test";
		};
		713B13001D7D713F00AF79C3 /* SocialMediaAppUITests */ = {
			isa = PBXNativeTarget;
			buildConfigurationList = 713B13101D7D713F00AF79C3 /* Build configuration list for PBXNativeTarget "SocialMediaAppUITests" */;
			buildPhases = (
				ED1AEC65DFFBBB1656BC8BFA /* [CP] Check Pods Manifest.lock */,
				713B12FD1D7D713F00AF79C3 /* Sources */,
				713B12FE1D7D713F00AF79C3 /* Frameworks */,
				713B12FF1D7D713F00AF79C3 /* Resources */,
				8E33F6D493AB967564E51F6B /* [CP] Copy Pods Resources */,
			);
			buildRules = (
			);
			dependencies = (
				713B13031D7D713F00AF79C3 /* PBXTargetDependency */,
			);
			name = SocialMediaAppUITests;
			productName = SocialMediaAppUITests;
			productReference = 713B13011D7D713F00AF79C3 /* SocialMediaAppUITests.xctest */;
			productType = "com.apple.product-type.bundle.ui-testing";
		};
/* End PBXNativeTarget section */

/* Begin PBXProject section */
		713B12DA1D7D713F00AF79C3 /* Project object */ = {
			isa = PBXProject;
			attributes = {
				LastSwiftUpdateCheck = 0800;
				LastUpgradeCheck = 0800;
				ORGANIZATIONNAME = "Grzegorz Kwaśniewski";
				TargetAttributes = {
					713B12E11D7D713F00AF79C3 = {
						CreatedOnToolsVersion = 8.0;
						DevelopmentTeam = 7K692Z62S3;
						LastSwiftMigration = 0800;
						ProvisioningStyle = Automatic;
						SystemCapabilities = {
							com.apple.Keychain = {
								enabled = 1;
							};
						};
					};
					713B12F51D7D713F00AF79C3 = {
						CreatedOnToolsVersion = 8.0;
						LastSwiftMigration = 0800;
						ProvisioningStyle = Automatic;
						TestTargetID = 713B12E11D7D713F00AF79C3;
					};
					713B13001D7D713F00AF79C3 = {
						CreatedOnToolsVersion = 8.0;
						LastSwiftMigration = 0800;
						ProvisioningStyle = Automatic;
						TestTargetID = 713B12E11D7D713F00AF79C3;
					};
				};
			};
			buildConfigurationList = 713B12DD1D7D713F00AF79C3 /* Build configuration list for PBXProject "SocialMediaApp" */;
			compatibilityVersion = "Xcode 3.2";
			developmentRegion = English;
			hasScannedForEncodings = 0;
			knownRegions = (
				en,
				Base,
			);
			mainGroup = 713B12D91D7D713F00AF79C3;
			productRefGroup = 713B12E31D7D713F00AF79C3 /* Products */;
			projectDirPath = "";
			projectRoot = "";
			targets = (
				713B12E11D7D713F00AF79C3 /* SocialMediaApp */,
				713B12F51D7D713F00AF79C3 /* SocialMediaAppTests */,
				713B13001D7D713F00AF79C3 /* SocialMediaAppUITests */,
			);
		};
/* End PBXProject section */

/* Begin PBXResourcesBuildPhase section */
		713B12E01D7D713F00AF79C3 /* Resources */ = {
			isa = PBXResourcesBuildPhase;
			buildActionMask = 2147483647;
			files = (
				713B12F01D7D713F00AF79C3 /* LaunchScreen.storyboard in Resources */,
				713B12ED1D7D713F00AF79C3 /* Assets.xcassets in Resources */,
				713B12EB1D7D713F00AF79C3 /* Main.storyboard in Resources */,
				713B13141D7D733700AF79C3 /* GoogleService-Info.plist in Resources */,
			);
			runOnlyForDeploymentPostprocessing = 0;
		};
		713B12F41D7D713F00AF79C3 /* Resources */ = {
			isa = PBXResourcesBuildPhase;
			buildActionMask = 2147483647;
			files = (
			);
			runOnlyForDeploymentPostprocessing = 0;
		};
		713B12FF1D7D713F00AF79C3 /* Resources */ = {
			isa = PBXResourcesBuildPhase;
			buildActionMask = 2147483647;
			files = (
			);
			runOnlyForDeploymentPostprocessing = 0;
		};
/* End PBXResourcesBuildPhase section */

/* Begin PBXShellScriptBuildPhase section */
		12E5A8902C16723FBF23A003 /* [CP] Copy Pods Resources */ = {
			isa = PBXShellScriptBuildPhase;
			buildActionMask = 2147483647;
			files = (
			);
			inputPaths = (
			);
			name = "[CP] Copy Pods Resources";
			outputPaths = (
			);
			runOnlyForDeploymentPostprocessing = 0;
			shellPath = /bin/sh;
			shellScript = "\"${SRCROOT}/Pods/Target Support Files/Pods-SocialMediaAppTests/Pods-SocialMediaAppTests-resources.sh\"\n";
			showEnvVarsInLog = 0;
		};
		2496FD6BF237568087B0FD47 /* [CP] Embed Pods Frameworks */ = {
			isa = PBXShellScriptBuildPhase;
			buildActionMask = 2147483647;
			files = (
			);
			inputPaths = (
			);
			name = "[CP] Embed Pods Frameworks";
			outputPaths = (
			);
			runOnlyForDeploymentPostprocessing = 0;
			shellPath = /bin/sh;
			shellScript = "\"${SRCROOT}/Pods/Target Support Files/Pods-SocialMediaAppTests/Pods-SocialMediaAppTests-frameworks.sh\"\n";
			showEnvVarsInLog = 0;
		};
		6F31E29BF2377C7F5C286E23 /* [CP] Check Pods Manifest.lock */ = {
			isa = PBXShellScriptBuildPhase;
			buildActionMask = 2147483647;
			files = (
			);
			inputPaths = (
			);
			name = "[CP] Check Pods Manifest.lock";
			outputPaths = (
			);
			runOnlyForDeploymentPostprocessing = 0;
			shellPath = /bin/sh;
			shellScript = "diff \"${PODS_ROOT}/../Podfile.lock\" \"${PODS_ROOT}/Manifest.lock\" > /dev/null\nif [[ $? != 0 ]] ; then\n    cat << EOM\nerror: The sandbox is not in sync with the Podfile.lock. Run 'pod install' or update your CocoaPods installation.\nEOM\n    exit 1\nfi\n";
			showEnvVarsInLog = 0;
		};
		75BCB09F10B3A67597DFC9FA /* [CP] Copy Pods Resources */ = {
			isa = PBXShellScriptBuildPhase;
			buildActionMask = 2147483647;
			files = (
			);
			inputPaths = (
			);
			name = "[CP] Copy Pods Resources";
			outputPaths = (
			);
			runOnlyForDeploymentPostprocessing = 0;
			shellPath = /bin/sh;
			shellScript = "\"${SRCROOT}/Pods/Target Support Files/Pods-SocialMediaApp/Pods-SocialMediaApp-resources.sh\"\n";
			showEnvVarsInLog = 0;
		};
		87406E566A8D005D5733CB7F /* [CP] Embed Pods Frameworks */ = {
			isa = PBXShellScriptBuildPhase;
			buildActionMask = 2147483647;
			files = (
			);
			inputPaths = (
			);
			name = "[CP] Embed Pods Frameworks";
			outputPaths = (
			);
			runOnlyForDeploymentPostprocessing = 0;
			shellPath = /bin/sh;
			shellScript = "\"${SRCROOT}/Pods/Target Support Files/Pods-SocialMediaApp/Pods-SocialMediaApp-frameworks.sh\"\n";
			showEnvVarsInLog = 0;
		};
		8E33F6D493AB967564E51F6B /* [CP] Copy Pods Resources */ = {
			isa = PBXShellScriptBuildPhase;
			buildActionMask = 2147483647;
			files = (
			);
			inputPaths = (
			);
			name = "[CP] Copy Pods Resources";
			outputPaths = (
			);
			runOnlyForDeploymentPostprocessing = 0;
			shellPath = /bin/sh;
			shellScript = "\"${SRCROOT}/Pods/Target Support Files/Pods-SocialMediaAppUITests/Pods-SocialMediaAppUITests-resources.sh\"\n";
			showEnvVarsInLog = 0;
		};
		AD74558DA2B2631C40E3969D /* [CP] Check Pods Manifest.lock */ = {
			isa = PBXShellScriptBuildPhase;
			buildActionMask = 2147483647;
			files = (
			);
			inputPaths = (
			);
			name = "[CP] Check Pods Manifest.lock";
			outputPaths = (
			);
			runOnlyForDeploymentPostprocessing = 0;
			shellPath = /bin/sh;
			shellScript = "diff \"${PODS_ROOT}/../Podfile.lock\" \"${PODS_ROOT}/Manifest.lock\" > /dev/null\nif [[ $? != 0 ]] ; then\n    cat << EOM\nerror: The sandbox is not in sync with the Podfile.lock. Run 'pod install' or update your CocoaPods installation.\nEOM\n    exit 1\nfi\n";
			showEnvVarsInLog = 0;
		};
		ED1AEC65DFFBBB1656BC8BFA /* [CP] Check Pods Manifest.lock */ = {
			isa = PBXShellScriptBuildPhase;
			buildActionMask = 2147483647;
			files = (
			);
			inputPaths = (
			);
			name = "[CP] Check Pods Manifest.lock";
			outputPaths = (
			);
			runOnlyForDeploymentPostprocessing = 0;
			shellPath = /bin/sh;
			shellScript = "diff \"${PODS_ROOT}/../Podfile.lock\" \"${PODS_ROOT}/Manifest.lock\" > /dev/null\nif [[ $? != 0 ]] ; then\n    cat << EOM\nerror: The sandbox is not in sync with the Podfile.lock. Run 'pod install' or update your CocoaPods installation.\nEOM\n    exit 1\nfi\n";
			showEnvVarsInLog = 0;
		};
/* End PBXShellScriptBuildPhase section */

/* Begin PBXSourcesBuildPhase section */
		713B12DE1D7D713F00AF79C3 /* Sources */ = {
			isa = PBXSourcesBuildPhase;
			buildActionMask = 2147483647;
			files = (
				71CE62511D858C66002C5B0B /* CircleView.swift in Sources */,
				713B131A1D7EBD5700AF79C3 /* ShadowView.swift in Sources */,
				713B131F1D7EC1E100AF79C3 /* RoundButton.swift in Sources */,
				713B12E81D7D713F00AF79C3 /* SignInVC.swift in Sources */,
				713B12E61D7D713F00AF79C3 /* AppDelegate.swift in Sources */,
				71578F331D841DA5004B56AE /* FeedVC.swift in Sources */,
				713B13211D7EC46800AF79C3 /* NoBorderTextField.swift in Sources */,
				713B13231D7EC94800AF79C3 /* ShadowButton.swift in Sources */,
				713B131D1D7EBE2D00AF79C3 /* Constants.swift in Sources */,
			);
			runOnlyForDeploymentPostprocessing = 0;
		};
		713B12F21D7D713F00AF79C3 /* Sources */ = {
			isa = PBXSourcesBuildPhase;
			buildActionMask = 2147483647;
			files = (
				713B12FB1D7D713F00AF79C3 /* SocialMediaAppTests.swift in Sources */,
			);
			runOnlyForDeploymentPostprocessing = 0;
		};
		713B12FD1D7D713F00AF79C3 /* Sources */ = {
			isa = PBXSourcesBuildPhase;
			buildActionMask = 2147483647;
			files = (
				713B13061D7D713F00AF79C3 /* SocialMediaAppUITests.swift in Sources */,
			);
			runOnlyForDeploymentPostprocessing = 0;
		};
/* End PBXSourcesBuildPhase section */

/* Begin PBXTargetDependency section */
		713B12F81D7D713F00AF79C3 /* PBXTargetDependency */ = {
			isa = PBXTargetDependency;
			target = 713B12E11D7D713F00AF79C3 /* SocialMediaApp */;
			targetProxy = 713B12F71D7D713F00AF79C3 /* PBXContainerItemProxy */;
		};
		713B13031D7D713F00AF79C3 /* PBXTargetDependency */ = {
			isa = PBXTargetDependency;
			target = 713B12E11D7D713F00AF79C3 /* SocialMediaApp */;
			targetProxy = 713B13021D7D713F00AF79C3 /* PBXContainerItemProxy */;
		};
/* End PBXTargetDependency section */

/* Begin PBXVariantGroup section */
		713B12E91D7D713F00AF79C3 /* Main.storyboard */ = {
			isa = PBXVariantGroup;
			children = (
				713B12EA1D7D713F00AF79C3 /* Base */,
			);
			name = Main.storyboard;
			sourceTree = "<group>";
		};
		713B12EE1D7D713F00AF79C3 /* LaunchScreen.storyboard */ = {
			isa = PBXVariantGroup;
			children = (
				713B12EF1D7D713F00AF79C3 /* Base */,
			);
			name = LaunchScreen.storyboard;
			sourceTree = "<group>";
		};
/* End PBXVariantGroup section */

/* Begin XCBuildConfiguration section */
		713B13081D7D713F00AF79C3 /* Debug */ = {
			isa = XCBuildConfiguration;
			buildSettings = {
				ALWAYS_SEARCH_USER_PATHS = NO;
				CLANG_ANALYZER_NONNULL = YES;
				CLANG_CXX_LANGUAGE_STANDARD = "gnu++0x";
				CLANG_CXX_LIBRARY = "libc++";
				CLANG_ENABLE_MODULES = YES;
				CLANG_ENABLE_OBJC_ARC = YES;
				CLANG_WARN_BOOL_CONVERSION = YES;
				CLANG_WARN_CONSTANT_CONVERSION = YES;
				CLANG_WARN_DIRECT_OBJC_ISA_USAGE = YES_ERROR;
				CLANG_WARN_DOCUMENTATION_COMMENTS = YES;
				CLANG_WARN_EMPTY_BODY = YES;
				CLANG_WARN_ENUM_CONVERSION = YES;
				CLANG_WARN_INFINITE_RECURSION = YES;
				CLANG_WARN_INT_CONVERSION = YES;
				CLANG_WARN_OBJC_ROOT_CLASS = YES_ERROR;
				CLANG_WARN_SUSPICIOUS_MOVES = YES;
				CLANG_WARN_UNREACHABLE_CODE = YES;
				CLANG_WARN__DUPLICATE_METHOD_MATCH = YES;
				"CODE_SIGN_IDENTITY[sdk=iphoneos*]" = "iPhone Developer";
				COPY_PHASE_STRIP = NO;
				DEBUG_INFORMATION_FORMAT = dwarf;
				ENABLE_STRICT_OBJC_MSGSEND = YES;
				ENABLE_TESTABILITY = YES;
				GCC_C_LANGUAGE_STANDARD = gnu99;
				GCC_DYNAMIC_NO_PIC = NO;
				GCC_NO_COMMON_BLOCKS = YES;
				GCC_OPTIMIZATION_LEVEL = 0;
				GCC_PREPROCESSOR_DEFINITIONS = (
					"DEBUG=1",
					"$(inherited)",
				);
				GCC_WARN_64_TO_32_BIT_CONVERSION = YES;
				GCC_WARN_ABOUT_RETURN_TYPE = YES_ERROR;
				GCC_WARN_UNDECLARED_SELECTOR = YES;
				GCC_WARN_UNINITIALIZED_AUTOS = YES_AGGRESSIVE;
				GCC_WARN_UNUSED_FUNCTION = YES;
				GCC_WARN_UNUSED_VARIABLE = YES;
				IPHONEOS_DEPLOYMENT_TARGET = 10.0;
				MTL_ENABLE_DEBUG_INFO = YES;
				ONLY_ACTIVE_ARCH = YES;
				SDKROOT = iphoneos;
				SWIFT_ACTIVE_COMPILATION_CONDITIONS = DEBUG;
				SWIFT_OPTIMIZATION_LEVEL = "-Onone";
			};
			name = Debug;
		};
		713B13091D7D713F00AF79C3 /* Release */ = {
			isa = XCBuildConfiguration;
			buildSettings = {
				ALWAYS_SEARCH_USER_PATHS = NO;
				CLANG_ANALYZER_NONNULL = YES;
				CLANG_CXX_LANGUAGE_STANDARD = "gnu++0x";
				CLANG_CXX_LIBRARY = "libc++";
				CLANG_ENABLE_MODULES = YES;
				CLANG_ENABLE_OBJC_ARC = YES;
				CLANG_WARN_BOOL_CONVERSION = YES;
				CLANG_WARN_CONSTANT_CONVERSION = YES;
				CLANG_WARN_DIRECT_OBJC_ISA_USAGE = YES_ERROR;
				CLANG_WARN_DOCUMENTATION_COMMENTS = YES;
				CLANG_WARN_EMPTY_BODY = YES;
				CLANG_WARN_ENUM_CONVERSION = YES;
				CLANG_WARN_INFINITE_RECURSION = YES;
				CLANG_WARN_INT_CONVERSION = YES;
				CLANG_WARN_OBJC_ROOT_CLASS = YES_ERROR;
				CLANG_WARN_SUSPICIOUS_MOVES = YES;
				CLANG_WARN_UNREACHABLE_CODE = YES;
				CLANG_WARN__DUPLICATE_METHOD_MATCH = YES;
				"CODE_SIGN_IDENTITY[sdk=iphoneos*]" = "iPhone Developer";
				COPY_PHASE_STRIP = NO;
				DEBUG_INFORMATION_FORMAT = "dwarf-with-dsym";
				ENABLE_NS_ASSERTIONS = NO;
				ENABLE_STRICT_OBJC_MSGSEND = YES;
				GCC_C_LANGUAGE_STANDARD = gnu99;
				GCC_NO_COMMON_BLOCKS = YES;
				GCC_WARN_64_TO_32_BIT_CONVERSION = YES;
				GCC_WARN_ABOUT_RETURN_TYPE = YES_ERROR;
				GCC_WARN_UNDECLARED_SELECTOR = YES;
				GCC_WARN_UNINITIALIZED_AUTOS = YES_AGGRESSIVE;
				GCC_WARN_UNUSED_FUNCTION = YES;
				GCC_WARN_UNUSED_VARIABLE = YES;
				IPHONEOS_DEPLOYMENT_TARGET = 10.0;
				MTL_ENABLE_DEBUG_INFO = NO;
				SDKROOT = iphoneos;
				SWIFT_OPTIMIZATION_LEVEL = "-Owholemodule";
				VALIDATE_PRODUCT = YES;
			};
			name = Release;
		};
		713B130B1D7D713F00AF79C3 /* Debug */ = {
			isa = XCBuildConfiguration;
			baseConfigurationReference = 1ECB4C7DE4B73C61CA8DD4D4 /* Pods-SocialMediaApp.debug.xcconfig */;
			buildSettings = {
				ASSETCATALOG_COMPILER_APPICON_NAME = AppIcon;
				CODE_SIGN_ENTITLEMENTS = SocialMediaApp/SocialMediaApp.entitlements;
				DEVELOPMENT_TEAM = 7K692Z62S3;
				INFOPLIST_FILE = SocialMediaApp/Info.plist;
				LD_RUNPATH_SEARCH_PATHS = "$(inherited) @executable_path/Frameworks";
				PRODUCT_BUNDLE_IDENTIFIER = com.incodewebelieve.SocialMediaApp;
				PRODUCT_NAME = "$(TARGET_NAME)";
				SWIFT_VERSION = 3.0;
			};
			name = Debug;
		};
		713B130C1D7D713F00AF79C3 /* Release */ = {
			isa = XCBuildConfiguration;
			baseConfigurationReference = CBBFC757ABB0FFE0093B5D8C /* Pods-SocialMediaApp.release.xcconfig */;
			buildSettings = {
				ASSETCATALOG_COMPILER_APPICON_NAME = AppIcon;
				CODE_SIGN_ENTITLEMENTS = SocialMediaApp/SocialMediaApp.entitlements;
				DEVELOPMENT_TEAM = 7K692Z62S3;
				INFOPLIST_FILE = SocialMediaApp/Info.plist;
				LD_RUNPATH_SEARCH_PATHS = "$(inherited) @executable_path/Frameworks";
				PRODUCT_BUNDLE_IDENTIFIER = com.incodewebelieve.SocialMediaApp;
				PRODUCT_NAME = "$(TARGET_NAME)";
				SWIFT_VERSION = 3.0;
			};
			name = Release;
		};
		713B130E1D7D713F00AF79C3 /* Debug */ = {
			isa = XCBuildConfiguration;
			baseConfigurationReference = 5C4B31E556B31AEC95DCE060 /* Pods-SocialMediaAppTests.debug.xcconfig */;
			buildSettings = {
				ALWAYS_EMBED_SWIFT_STANDARD_LIBRARIES = YES;
				BUNDLE_LOADER = "$(TEST_HOST)";
				INFOPLIST_FILE = SocialMediaAppTests/Info.plist;
				LD_RUNPATH_SEARCH_PATHS = "$(inherited) @executable_path/Frameworks @loader_path/Frameworks";
				PRODUCT_BUNDLE_IDENTIFIER = com.incodewebelieve.SocialMediaAppTests;
				PRODUCT_NAME = "$(TARGET_NAME)";
				SWIFT_VERSION = 3.0;
				TEST_HOST = "$(BUILT_PRODUCTS_DIR)/SocialMediaApp.app/SocialMediaApp";
			};
			name = Debug;
		};
		713B130F1D7D713F00AF79C3 /* Release */ = {
			isa = XCBuildConfiguration;
			baseConfigurationReference = 44DED71F5572EE62F77C2998 /* Pods-SocialMediaAppTests.release.xcconfig */;
			buildSettings = {
				ALWAYS_EMBED_SWIFT_STANDARD_LIBRARIES = YES;
				BUNDLE_LOADER = "$(TEST_HOST)";
				INFOPLIST_FILE = SocialMediaAppTests/Info.plist;
				LD_RUNPATH_SEARCH_PATHS = "$(inherited) @executable_path/Frameworks @loader_path/Frameworks";
				PRODUCT_BUNDLE_IDENTIFIER = com.incodewebelieve.SocialMediaAppTests;
				PRODUCT_NAME = "$(TARGET_NAME)";
				SWIFT_VERSION = 3.0;
				TEST_HOST = "$(BUILT_PRODUCTS_DIR)/SocialMediaApp.app/SocialMediaApp";
			};
			name = Release;
		};
		713B13111D7D713F00AF79C3 /* Debug */ = {
			isa = XCBuildConfiguration;
			baseConfigurationReference = 53FBE88AB9872EA5ABE20FFB /* Pods-SocialMediaAppUITests.debug.xcconfig */;
			buildSettings = {
				ALWAYS_EMBED_SWIFT_STANDARD_LIBRARIES = YES;
				INFOPLIST_FILE = SocialMediaAppUITests/Info.plist;
				LD_RUNPATH_SEARCH_PATHS = "$(inherited) @executable_path/Frameworks @loader_path/Frameworks";
				PRODUCT_BUNDLE_IDENTIFIER = com.incodewebelieve.SocialMediaAppUITests;
				PRODUCT_NAME = "$(TARGET_NAME)";
				SWIFT_VERSION = 3.0;
				TEST_TARGET_NAME = SocialMediaApp;
			};
			name = Debug;
		};
		713B13121D7D713F00AF79C3 /* Release */ = {
			isa = XCBuildConfiguration;
			baseConfigurationReference = A2A80B342CC6FFCA4CE04101 /* Pods-SocialMediaAppUITests.release.xcconfig */;
			buildSettings = {
				ALWAYS_EMBED_SWIFT_STANDARD_LIBRARIES = YES;
				INFOPLIST_FILE = SocialMediaAppUITests/Info.plist;
				LD_RUNPATH_SEARCH_PATHS = "$(inherited) @executable_path/Frameworks @loader_path/Frameworks";
				PRODUCT_BUNDLE_IDENTIFIER = com.incodewebelieve.SocialMediaAppUITests;
				PRODUCT_NAME = "$(TARGET_NAME)";
				SWIFT_VERSION = 3.0;
				TEST_TARGET_NAME = SocialMediaApp;
			};
			name = Release;
		};
/* End XCBuildConfiguration section */

/* Begin XCConfigurationList section */
		713B12DD1D7D713F00AF79C3 /* Build configuration list for PBXProject "SocialMediaApp" */ = {
			isa = XCConfigurationList;
			buildConfigurations = (
				713B13081D7D713F00AF79C3 /* Debug */,
				713B13091D7D713F00AF79C3 /* Release */,
			);
			defaultConfigurationIsVisible = 0;
			defaultConfigurationName = Release;
		};
		713B130A1D7D713F00AF79C3 /* Build configuration list for PBXNativeTarget "SocialMediaApp" */ = {
			isa = XCConfigurationList;
			buildConfigurations = (
				713B130B1D7D713F00AF79C3 /* Debug */,
				713B130C1D7D713F00AF79C3 /* Release */,
			);
			defaultConfigurationIsVisible = 0;
			defaultConfigurationName = Release;
		};
		713B130D1D7D713F00AF79C3 /* Build configuration list for PBXNativeTarget "SocialMediaAppTests" */ = {
			isa = XCConfigurationList;
			buildConfigurations = (
				713B130E1D7D713F00AF79C3 /* Debug */,
				713B130F1D7D713F00AF79C3 /* Release */,
			);
			defaultConfigurationIsVisible = 0;
			defaultConfigurationName = Release;
		};
		713B13101D7D713F00AF79C3 /* Build configuration list for PBXNativeTarget "SocialMediaAppUITests" */ = {
			isa = XCConfigurationList;
			buildConfigurations = (
				713B13111D7D713F00AF79C3 /* Debug */,
				713B13121D7D713F00AF79C3 /* Release */,
			);
			defaultConfigurationIsVisible = 0;
			defaultConfigurationName = Release;
		};
/* End XCConfigurationList section */
	};
	rootObject = 713B12DA1D7D713F00AF79C3 /* Project object */;
}
