// !$*UTF8*$!
{
	archiveVersion = 1;
	classes = {
	};
	objectVersion = 46;
	objects = {

/* Begin PBXBuildFile section */
		0A5EA75651D32093250F3152 /* Pods_SocialMediaApp_Dev.framework in Frameworks */ = {isa = PBXBuildFile; fileRef = 3CA2D64CF6069AE36927CFA3 /* Pods_SocialMediaApp_Dev.framework */; };
		7104B2171DA8D9D50077CE84 /* UserSettingsVC.swift in Sources */ = {isa = PBXBuildFile; fileRef = 7104B2161DA8D9D50077CE84 /* UserSettingsVC.swift */; };
		7111C7E51DCCB3270012D32C /* FacebookLogin.swift in Sources */ = {isa = PBXBuildFile; fileRef = 7111C7E41DCCB3270012D32C /* FacebookLogin.swift */; };
		7111C7E71DCDF38B0012D32C /* ChangeUserNamePopUpVC.swift in Sources */ = {isa = PBXBuildFile; fileRef = 7111C7E61DCDF38B0012D32C /* ChangeUserNamePopUpVC.swift */; };
		7111C7E91DCDFA080012D32C /* ChangeUserEmailVC.swift in Sources */ = {isa = PBXBuildFile; fileRef = 7111C7E81DCDFA080012D32C /* ChangeUserEmailVC.swift */; };
		7111C7EB1DCDFEED0012D32C /* ReAuthenticateUserVC.swift in Sources */ = {isa = PBXBuildFile; fileRef = 7111C7EA1DCDFEED0012D32C /* ReAuthenticateUserVC.swift */; };
		7111C80C1DD4DC530012D32C /* RegEx.swift in Sources */ = {isa = PBXBuildFile; fileRef = 7111C80B1DD4DC530012D32C /* RegEx.swift */; };
		7111C8251DE1BB8B0012D32C /* ChangeUserSettings.swift in Sources */ = {isa = PBXBuildFile; fileRef = 7111C8241DE1BB8B0012D32C /* ChangeUserSettings.swift */; };
		712C33561DA2A481006DD610 /* Assets.xcassets in Resources */ = {isa = PBXBuildFile; fileRef = 712C33551DA2A481006DD610 /* Assets.xcassets */; };
		713B12E61D7D713F00AF79C3 /* AppDelegate.swift in Sources */ = {isa = PBXBuildFile; fileRef = 713B12E51D7D713F00AF79C3 /* AppDelegate.swift */; };
		713B12E81D7D713F00AF79C3 /* SignInVC.swift in Sources */ = {isa = PBXBuildFile; fileRef = 713B12E71D7D713F00AF79C3 /* SignInVC.swift */; };
		713B12EB1D7D713F00AF79C3 /* Main.storyboard in Resources */ = {isa = PBXBuildFile; fileRef = 713B12E91D7D713F00AF79C3 /* Main.storyboard */; };
		713B12F01D7D713F00AF79C3 /* LaunchScreen.storyboard in Resources */ = {isa = PBXBuildFile; fileRef = 713B12EE1D7D713F00AF79C3 /* LaunchScreen.storyboard */; };
		713B13141D7D733700AF79C3 /* GoogleService-Info.plist in Resources */ = {isa = PBXBuildFile; fileRef = 713B13131D7D733700AF79C3 /* GoogleService-Info.plist */; };
		713B131A1D7EBD5700AF79C3 /* ShadowView.swift in Sources */ = {isa = PBXBuildFile; fileRef = 713B13191D7EBD5700AF79C3 /* ShadowView.swift */; };
		713B131D1D7EBE2D00AF79C3 /* Constants.swift in Sources */ = {isa = PBXBuildFile; fileRef = 713B131C1D7EBE2D00AF79C3 /* Constants.swift */; };
		713B13211D7EC46800AF79C3 /* RoundedBorderTextField.swift in Sources */ = {isa = PBXBuildFile; fileRef = 713B13201D7EC46800AF79C3 /* RoundedBorderTextField.swift */; };
		71578F331D841DA5004B56AE /* FeedVC.swift in Sources */ = {isa = PBXBuildFile; fileRef = 71578F321D841DA5004B56AE /* FeedVC.swift */; };
		715F55491E1D364C008DC82B /* SigInWithEmailVC.swift in Sources */ = {isa = PBXBuildFile; fileRef = 715F55481E1D364C008DC82B /* SigInWithEmailVC.swift */; };
		715F554B1E1D3AEB008DC82B /* SpiderCollectionVC.swift in Sources */ = {isa = PBXBuildFile; fileRef = 715F554A1E1D3AEB008DC82B /* SpiderCollectionVC.swift */; };
		715F554F1E1E3D05008DC82B /* UITextFieldExt.swift in Sources */ = {isa = PBXBuildFile; fileRef = 715F554E1E1E3D05008DC82B /* UITextFieldExt.swift */; };
		718BA3C11DC8BE3D00E764C0 /* VCExt.swift in Sources */ = {isa = PBXBuildFile; fileRef = 718BA3C01DC8BE3D00E764C0 /* VCExt.swift */; };
		718BA3C31DC8C93D00E764C0 /* TwitterLogin.swift in Sources */ = {isa = PBXBuildFile; fileRef = 718BA3C21DC8C93D00E764C0 /* TwitterLogin.swift */; };
		718BA3C51DC8CA2800E764C0 /* FirebaseLogin.swift in Sources */ = {isa = PBXBuildFile; fileRef = 718BA3C41DC8CA2800E764C0 /* FirebaseLogin.swift */; };
		71945C021EAA6BB000F76CD6 /* LocalNotifications.swift in Sources */ = {isa = PBXBuildFile; fileRef = 71945C011EAA6BB000F76CD6 /* LocalNotifications.swift */; };
		719BFE761E0AF97A006EB47A /* Globals.swift in Sources */ = {isa = PBXBuildFile; fileRef = 719BFE751E0AF97A006EB47A /* Globals.swift */; };
		719BFEA11E1D723D006EB47A /* Spider.swift in Sources */ = {isa = PBXBuildFile; fileRef = 719BFEA01E1D723D006EB47A /* Spider.swift */; };
		719BFEA41E1D9E3F006EB47A /* AddSpiderVC.swift in Sources */ = {isa = PBXBuildFile; fileRef = 719BFEA31E1D9E3F006EB47A /* AddSpiderVC.swift */; };
		719BFEA81E1FD7D3006EB47A /* CellSpider.swift in Sources */ = {isa = PBXBuildFile; fileRef = 719BFEA71E1FD7D3006EB47A /* CellSpider.swift */; };
		719BFEAC1E2022CD006EB47A /* SpiderDetailVC.swift in Sources */ = {isa = PBXBuildFile; fileRef = 719BFEAB1E2022CD006EB47A /* SpiderDetailVC.swift */; };
		71A9EAE61DAA6887003B08BD /* ProfileImage.swift in Sources */ = {isa = PBXBuildFile; fileRef = 71A9EAE51DAA6887003B08BD /* ProfileImage.swift */; };
		71CE62511D858C66002C5B0B /* CircleView.swift in Sources */ = {isa = PBXBuildFile; fileRef = 71CE62501D858C66002C5B0B /* CircleView.swift */; };
		71CE62531D8692C5002C5B0B /* CellFeed.swift in Sources */ = {isa = PBXBuildFile; fileRef = 71CE62521D8692C5002C5B0B /* CellFeed.swift */; };
		71CE62561D882D6A002C5B0B /* DataService.swift in Sources */ = {isa = PBXBuildFile; fileRef = 71CE62551D882D6A002C5B0B /* DataService.swift */; };
		71CE62581D893323002C5B0B /* Post.swift in Sources */ = {isa = PBXBuildFile; fileRef = 71CE62571D893323002C5B0B /* Post.swift */; };
		71DEBBA11DCBC47B001A8588 /* EmailLogin.swift in Sources */ = {isa = PBXBuildFile; fileRef = 71DEBBA01DCBC47B001A8588 /* EmailLogin.swift */; };
		71EB434B1DCBBE0C00142783 /* CompleteSignInWthFirebaseDelegate.swift in Sources */ = {isa = PBXBuildFile; fileRef = 71EB434A1DCBBE0C00142783 /* CompleteSignInWthFirebaseDelegate.swift */; };
		71EF4ABC1DAE569200076B56 /* RoundedContentView.swift in Sources */ = {isa = PBXBuildFile; fileRef = 71EF4ABB1DAE569200076B56 /* RoundedContentView.swift */; };
		71EF4ABE1DAE5AAC00076B56 /* RoundedTextView.swift in Sources */ = {isa = PBXBuildFile; fileRef = 71EF4ABD1DAE5AAC00076B56 /* RoundedTextView.swift */; };
		71F1F9551DB12517009D8A60 /* FirebaseUser.swift in Sources */ = {isa = PBXBuildFile; fileRef = 71F1F9541DB12517009D8A60 /* FirebaseUser.swift */; };
		71FE20931DAD32D50036FE9F /* TapImageView.swift in Sources */ = {isa = PBXBuildFile; fileRef = 71FE20921DAD32D50036FE9F /* TapImageView.swift */; };
		795D354C1F97CC6A000BB7C0 /* EmailLogin.swift in Sources */ = {isa = PBXBuildFile; fileRef = 71DEBBA01DCBC47B001A8588 /* EmailLogin.swift */; };
		795D354D1F97CC6A000BB7C0 /* CreateNewAccountVC.swift in Sources */ = {isa = PBXBuildFile; fileRef = B21493591F6E9B5C001D5C4D /* CreateNewAccountVC.swift */; };
		795D354E1F97CC6A000BB7C0 /* Colors.swift in Sources */ = {isa = PBXBuildFile; fileRef = B29EDB611F4B7C7200846AB3 /* Colors.swift */; };
		795D354F1F97CC6A000BB7C0 /* RegEx.swift in Sources */ = {isa = PBXBuildFile; fileRef = 7111C80B1DD4DC530012D32C /* RegEx.swift */; };
		795D35501F97CC6A000BB7C0 /* FacebookLogin.swift in Sources */ = {isa = PBXBuildFile; fileRef = 7111C7E41DCCB3270012D32C /* FacebookLogin.swift */; };
		795D35511F97CC6A000BB7C0 /* FirebaseLogin.swift in Sources */ = {isa = PBXBuildFile; fileRef = 718BA3C41DC8CA2800E764C0 /* FirebaseLogin.swift */; };
		795D35521F97CC6A000BB7C0 /* RoundedButton.swift in Sources */ = {isa = PBXBuildFile; fileRef = B29EDB631F4B7E9000846AB3 /* RoundedButton.swift */; };
		795D35531F97CC6A000BB7C0 /* UIViewExtension.swift in Sources */ = {isa = PBXBuildFile; fileRef = B29EDB651F4B7F0600846AB3 /* UIViewExtension.swift */; };
		795D35541F97CC6A000BB7C0 /* RoundedView.swift in Sources */ = {isa = PBXBuildFile; fileRef = B21493601F6EA064001D5C4D /* RoundedView.swift */; };
		795D35551F97CC6A000BB7C0 /* SpiderDetailVC.swift in Sources */ = {isa = PBXBuildFile; fileRef = 719BFEAB1E2022CD006EB47A /* SpiderDetailVC.swift */; };
		795D35561F97CC6A000BB7C0 /* Globals.swift in Sources */ = {isa = PBXBuildFile; fileRef = 719BFE751E0AF97A006EB47A /* Globals.swift */; };
		795D35571F97CC6A000BB7C0 /* UserSettingsVC.swift in Sources */ = {isa = PBXBuildFile; fileRef = 7104B2161DA8D9D50077CE84 /* UserSettingsVC.swift */; };
		795D35581F97CC6A000BB7C0 /* TwitterLogin.swift in Sources */ = {isa = PBXBuildFile; fileRef = 718BA3C21DC8C93D00E764C0 /* TwitterLogin.swift */; };
		795D35591F97CC6A000BB7C0 /* RoundedTextView.swift in Sources */ = {isa = PBXBuildFile; fileRef = 71EF4ABD1DAE5AAC00076B56 /* RoundedTextView.swift */; };
		795D355A1F97CC6A000BB7C0 /* CircleView.swift in Sources */ = {isa = PBXBuildFile; fileRef = 71CE62501D858C66002C5B0B /* CircleView.swift */; };
		795D355B1F97CC6A000BB7C0 /* CellFeed.swift in Sources */ = {isa = PBXBuildFile; fileRef = 71CE62521D8692C5002C5B0B /* CellFeed.swift */; };
		795D355C1F97CC6A000BB7C0 /* ReAuthenticateUserVC.swift in Sources */ = {isa = PBXBuildFile; fileRef = 7111C7EA1DCDFEED0012D32C /* ReAuthenticateUserVC.swift */; };
		795D355D1F97CC6A000BB7C0 /* ShowPopUp.swift in Sources */ = {isa = PBXBuildFile; fileRef = B21493551F6E96AD001D5C4D /* ShowPopUp.swift */; };
		795D355E1F97CC6A000BB7C0 /* ShadowView.swift in Sources */ = {isa = PBXBuildFile; fileRef = 713B13191D7EBD5700AF79C3 /* ShadowView.swift */; };
		795D355F1F97CC6A000BB7C0 /* UITextFieldExt.swift in Sources */ = {isa = PBXBuildFile; fileRef = 715F554E1E1E3D05008DC82B /* UITextFieldExt.swift */; };
		795D35601F97CC6A000BB7C0 /* Post.swift in Sources */ = {isa = PBXBuildFile; fileRef = 71CE62571D893323002C5B0B /* Post.swift */; };
		795D35611F97CC6A000BB7C0 /* SigInWithEmailVC.swift in Sources */ = {isa = PBXBuildFile; fileRef = 715F55481E1D364C008DC82B /* SigInWithEmailVC.swift */; };
		795D35621F97CC6A000BB7C0 /* SignInVC.swift in Sources */ = {isa = PBXBuildFile; fileRef = 713B12E71D7D713F00AF79C3 /* SignInVC.swift */; };
		795D35631F97CC6A000BB7C0 /* DataService.swift in Sources */ = {isa = PBXBuildFile; fileRef = 71CE62551D882D6A002C5B0B /* DataService.swift */; };
		795D35641F97CC6A000BB7C0 /* TapImageView.swift in Sources */ = {isa = PBXBuildFile; fileRef = 71FE20921DAD32D50036FE9F /* TapImageView.swift */; };
		795D35651F97CC6A000BB7C0 /* CustomErrorMessages.swift in Sources */ = {isa = PBXBuildFile; fileRef = B2A046BC1EBA633300035DB8 /* CustomErrorMessages.swift */; };
		795D35661F97CC6A000BB7C0 /* ClearTextField.swift in Sources */ = {isa = PBXBuildFile; fileRef = B206E1BB1F6D1888004A21A6 /* ClearTextField.swift */; };
		795D35671F97CC6A000BB7C0 /* WhiteTextLabel.swift in Sources */ = {isa = PBXBuildFile; fileRef = B248B8661F962FE000338C5F /* WhiteTextLabel.swift */; };
		795D35681F97CC6A000BB7C0 /* AppDelegate.swift in Sources */ = {isa = PBXBuildFile; fileRef = 713B12E51D7D713F00AF79C3 /* AppDelegate.swift */; };
		795D35691F97CC6A000BB7C0 /* SpiderCollectionVC.swift in Sources */ = {isa = PBXBuildFile; fileRef = 715F554A1E1D3AEB008DC82B /* SpiderCollectionVC.swift */; };
		795D356A1F97CC6A000BB7C0 /* ChangeUserSettings.swift in Sources */ = {isa = PBXBuildFile; fileRef = 7111C8241DE1BB8B0012D32C /* ChangeUserSettings.swift */; };
		795D356B1F97CC6A000BB7C0 /* RoundedContentView.swift in Sources */ = {isa = PBXBuildFile; fileRef = 71EF4ABB1DAE569200076B56 /* RoundedContentView.swift */; };
		795D356C1F97CC6A000BB7C0 /* LocalNotifications.swift in Sources */ = {isa = PBXBuildFile; fileRef = 71945C011EAA6BB000F76CD6 /* LocalNotifications.swift */; };
		795D356D1F97CC6A000BB7C0 /* BaseVC.swift in Sources */ = {isa = PBXBuildFile; fileRef = B2DC43861F50170700AAECC9 /* BaseVC.swift */; };
		795D356E1F97CC6A000BB7C0 /* VCExt.swift in Sources */ = {isa = PBXBuildFile; fileRef = 718BA3C01DC8BE3D00E764C0 /* VCExt.swift */; };
		795D356F1F97CC6A000BB7C0 /* CellSpider.swift in Sources */ = {isa = PBXBuildFile; fileRef = 719BFEA71E1FD7D3006EB47A /* CellSpider.swift */; };
		795D35701F97CC6A000BB7C0 /* ProfileImage.swift in Sources */ = {isa = PBXBuildFile; fileRef = 71A9EAE51DAA6887003B08BD /* ProfileImage.swift */; };
		795D35711F97CC6A000BB7C0 /* BlurView.swift in Sources */ = {isa = PBXBuildFile; fileRef = B248B8681F9630E400338C5F /* BlurView.swift */; };
		795D35721F97CC6A000BB7C0 /* FeedVC.swift in Sources */ = {isa = PBXBuildFile; fileRef = 71578F321D841DA5004B56AE /* FeedVC.swift */; };
		795D35731F97CC6A000BB7C0 /* AddSpiderVC.swift in Sources */ = {isa = PBXBuildFile; fileRef = 719BFEA31E1D9E3F006EB47A /* AddSpiderVC.swift */; };
		795D35741F97CC6A000BB7C0 /* FirebaseUser.swift in Sources */ = {isa = PBXBuildFile; fileRef = 71F1F9541DB12517009D8A60 /* FirebaseUser.swift */; };
		795D35751F97CC6A000BB7C0 /* GlobalFunctions.swift in Sources */ = {isa = PBXBuildFile; fileRef = B214935B1F6E9F2C001D5C4D /* GlobalFunctions.swift */; };
		795D35761F97CC6A000BB7C0 /* AuthenticationFailedPopUp.swift in Sources */ = {isa = PBXBuildFile; fileRef = B214935E1F6EA01F001D5C4D /* AuthenticationFailedPopUp.swift */; };
		795D35771F97CC6A000BB7C0 /* CompleteSignInWthFirebaseDelegate.swift in Sources */ = {isa = PBXBuildFile; fileRef = 71EB434A1DCBBE0C00142783 /* CompleteSignInWthFirebaseDelegate.swift */; };
		795D35781F97CC6A000BB7C0 /* StringsConstants.swift in Sources */ = {isa = PBXBuildFile; fileRef = B21493571F6E9863001D5C4D /* StringsConstants.swift */; };
		795D35791F97CC6A000BB7C0 /* ChangeUserEmailVC.swift in Sources */ = {isa = PBXBuildFile; fileRef = 7111C7E81DCDFA080012D32C /* ChangeUserEmailVC.swift */; };
		795D357A1F97CC6A000BB7C0 /* RoundedBorderTextField.swift in Sources */ = {isa = PBXBuildFile; fileRef = 713B13201D7EC46800AF79C3 /* RoundedBorderTextField.swift */; };
		795D357B1F97CC6A000BB7C0 /* ChangeUserNamePopUpVC.swift in Sources */ = {isa = PBXBuildFile; fileRef = 7111C7E61DCDF38B0012D32C /* ChangeUserNamePopUpVC.swift */; };
		795D357C1F97CC6A000BB7C0 /* Constants.swift in Sources */ = {isa = PBXBuildFile; fileRef = 713B131C1D7EBE2D00AF79C3 /* Constants.swift */; };
		795D357D1F97CC6A000BB7C0 /* Spider.swift in Sources */ = {isa = PBXBuildFile; fileRef = 719BFEA01E1D723D006EB47A /* Spider.swift */; };
		795D357F1F97CC6A000BB7C0 /* Pods_SocialMediaApp.framework in Frameworks */ = {isa = PBXBuildFile; fileRef = 0715497FF7BBA031409B8095 /* Pods_SocialMediaApp.framework */; };
		795D35811F97CC6A000BB7C0 /* LaunchScreen.storyboard in Resources */ = {isa = PBXBuildFile; fileRef = 713B12EE1D7D713F00AF79C3 /* LaunchScreen.storyboard */; };
		795D35821F97CC6A000BB7C0 /* Main.storyboard in Resources */ = {isa = PBXBuildFile; fileRef = 713B12E91D7D713F00AF79C3 /* Main.storyboard */; };
		795D35831F97CC6A000BB7C0 /* GoogleService-Info.plist in Resources */ = {isa = PBXBuildFile; fileRef = 713B13131D7D733700AF79C3 /* GoogleService-Info.plist */; };
		795D35841F97CC6A000BB7C0 /* Assets.xcassets in Resources */ = {isa = PBXBuildFile; fileRef = 712C33551DA2A481006DD610 /* Assets.xcassets */; };
		84980AE9A8A7285B2FCBAE57 /* Pods_SocialMediaAppTests.framework in Frameworks */ = {isa = PBXBuildFile; fileRef = C0AA5EA03C4ACC502DA33078 /* Pods_SocialMediaAppTests.framework */; };
		9244A047906C3D1F1BC82C0B /* Pods_SocialMediaAppIntegrationTest.framework in Frameworks */ = {isa = PBXBuildFile; fileRef = 93CCE6F8D2C2C916DFA31947 /* Pods_SocialMediaAppIntegrationTest.framework */; };
		A710C3FCB0C7313163A7BAE8 /* Pods_SocialMediaApp.framework in Frameworks */ = {isa = PBXBuildFile; fileRef = 0715497FF7BBA031409B8095 /* Pods_SocialMediaApp.framework */; };
		B206E1BC1F6D1888004A21A6 /* ClearTextField.swift in Sources */ = {isa = PBXBuildFile; fileRef = B206E1BB1F6D1888004A21A6 /* ClearTextField.swift */; };
		B21493561F6E96AD001D5C4D /* ShowPopUp.swift in Sources */ = {isa = PBXBuildFile; fileRef = B21493551F6E96AD001D5C4D /* ShowPopUp.swift */; };
		B21493581F6E9863001D5C4D /* StringsConstants.swift in Sources */ = {isa = PBXBuildFile; fileRef = B21493571F6E9863001D5C4D /* StringsConstants.swift */; };
		B214935A1F6E9B5C001D5C4D /* CreateNewAccountVC.swift in Sources */ = {isa = PBXBuildFile; fileRef = B21493591F6E9B5C001D5C4D /* CreateNewAccountVC.swift */; };
		B214935C1F6E9F2C001D5C4D /* GlobalFunctions.swift in Sources */ = {isa = PBXBuildFile; fileRef = B214935B1F6E9F2C001D5C4D /* GlobalFunctions.swift */; };
		B214935F1F6EA01F001D5C4D /* AuthenticationFailedPopUp.swift in Sources */ = {isa = PBXBuildFile; fileRef = B214935E1F6EA01F001D5C4D /* AuthenticationFailedPopUp.swift */; };
		B21493611F6EA064001D5C4D /* RoundedView.swift in Sources */ = {isa = PBXBuildFile; fileRef = B21493601F6EA064001D5C4D /* RoundedView.swift */; };
		B248B8671F962FE000338C5F /* WhiteTextLabel.swift in Sources */ = {isa = PBXBuildFile; fileRef = B248B8661F962FE000338C5F /* WhiteTextLabel.swift */; };
		B248B8691F9630E400338C5F /* BlurView.swift in Sources */ = {isa = PBXBuildFile; fileRef = B248B8681F9630E400338C5F /* BlurView.swift */; };
		B248B8851F988D7D00338C5F /* KIF+Extensions.swift in Sources */ = {isa = PBXBuildFile; fileRef = B248B8841F988D7D00338C5F /* KIF+Extensions.swift */; };
		B248B88A1F988E4500338C5F /* BaseUITests.swift in Sources */ = {isa = PBXBuildFile; fileRef = B248B8891F988E4500338C5F /* BaseUITests.swift */; };
		B248B88C1F988E7500338C5F /* Name.swift in Sources */ = {isa = PBXBuildFile; fileRef = B248B88B1F988E7500338C5F /* Name.swift */; };
		B248B88E1F98902A00338C5F /* SignInWithEmailTest.swift in Sources */ = {isa = PBXBuildFile; fileRef = B248B88D1F98902A00338C5F /* SignInWithEmailTest.swift */; };
		B27C1D011F953D450069C400 /* AuthenticationFailedPopUpTest.swift in Sources */ = {isa = PBXBuildFile; fileRef = B27C1D001F953D450069C400 /* AuthenticationFailedPopUpTest.swift */; };
		B27C1D031F953E2F0069C400 /* Quick.framework in Frameworks */ = {isa = PBXBuildFile; fileRef = B27C1D021F953E2F0069C400 /* Quick.framework */; };
		B27C1D051F953E3A0069C400 /* Nimble.framework in Frameworks */ = {isa = PBXBuildFile; fileRef = B27C1D041F953E3A0069C400 /* Nimble.framework */; };
		B29EDB621F4B7C7200846AB3 /* Colors.swift in Sources */ = {isa = PBXBuildFile; fileRef = B29EDB611F4B7C7200846AB3 /* Colors.swift */; };
		B29EDB641F4B7E9000846AB3 /* RoundedButton.swift in Sources */ = {isa = PBXBuildFile; fileRef = B29EDB631F4B7E9000846AB3 /* RoundedButton.swift */; };
		B29EDB661F4B7F0600846AB3 /* UIViewExtension.swift in Sources */ = {isa = PBXBuildFile; fileRef = B29EDB651F4B7F0600846AB3 /* UIViewExtension.swift */; };
		B2A046BD1EBA633300035DB8 /* CustomErrorMessages.swift in Sources */ = {isa = PBXBuildFile; fileRef = B2A046BC1EBA633300035DB8 /* CustomErrorMessages.swift */; };
		B2DC43871F50170700AAECC9 /* BaseVC.swift in Sources */ = {isa = PBXBuildFile; fileRef = B2DC43861F50170700AAECC9 /* BaseVC.swift */; };
/* End PBXBuildFile section */

/* Begin PBXContainerItemProxy section */
		B248B8731F988AC800338C5F /* PBXContainerItemProxy */ = {
			isa = PBXContainerItemProxy;
			containerPortal = 713B12DA1D7D713F00AF79C3 /* Project object */;
			proxyType = 1;
			remoteGlobalIDString = 713B12E11D7D713F00AF79C3;
			remoteInfo = SocialMediaApp;
		};
		B248B8781F988AE000338C5F /* PBXContainerItemProxy */ = {
			isa = PBXContainerItemProxy;
			containerPortal = 713B12DA1D7D713F00AF79C3 /* Project object */;
			proxyType = 1;
			remoteGlobalIDString = 795D35491F97CC6A000BB7C0;
			remoteInfo = "SocialMediaApp-Dev";
		};
		B248B87A1F988AE500338C5F /* PBXContainerItemProxy */ = {
			isa = PBXContainerItemProxy;
			containerPortal = 713B12DA1D7D713F00AF79C3 /* Project object */;
			proxyType = 1;
			remoteGlobalIDString = 795D35491F97CC6A000BB7C0;
			remoteInfo = "SocialMediaApp-Dev";
		};
		B27C1CFA1F953A480069C400 /* PBXContainerItemProxy */ = {
			isa = PBXContainerItemProxy;
			containerPortal = 713B12DA1D7D713F00AF79C3 /* Project object */;
			proxyType = 1;
			remoteGlobalIDString = 713B12E11D7D713F00AF79C3;
			remoteInfo = SocialMediaApp;
		};
/* End PBXContainerItemProxy section */

/* Begin PBXFileReference section */
		0715497FF7BBA031409B8095 /* Pods_SocialMediaApp.framework */ = {isa = PBXFileReference; explicitFileType = wrapper.framework; includeInIndex = 0; path = Pods_SocialMediaApp.framework; sourceTree = BUILT_PRODUCTS_DIR; };
		0D0C8E3D72B868A69B3445F8 /* Pods-SocialMediaAppIntegrationTest.debug.xcconfig */ = {isa = PBXFileReference; includeInIndex = 1; lastKnownFileType = text.xcconfig; name = "Pods-SocialMediaAppIntegrationTest.debug.xcconfig"; path = "Pods/Target Support Files/Pods-SocialMediaAppIntegrationTest/Pods-SocialMediaAppIntegrationTest.debug.xcconfig"; sourceTree = "<group>"; };
		1ECB4C7DE4B73C61CA8DD4D4 /* Pods-SocialMediaApp.debug.xcconfig */ = {isa = PBXFileReference; includeInIndex = 1; lastKnownFileType = text.xcconfig; name = "Pods-SocialMediaApp.debug.xcconfig"; path = "Pods/Target Support Files/Pods-SocialMediaApp/Pods-SocialMediaApp.debug.xcconfig"; sourceTree = "<group>"; };
		264D617238371E5DCBC81786 /* Pods-SocialMediaApp-Dev.release.xcconfig */ = {isa = PBXFileReference; includeInIndex = 1; lastKnownFileType = text.xcconfig; name = "Pods-SocialMediaApp-Dev.release.xcconfig"; path = "Pods/Target Support Files/Pods-SocialMediaApp-Dev/Pods-SocialMediaApp-Dev.release.xcconfig"; sourceTree = "<group>"; };
		3CA2D64CF6069AE36927CFA3 /* Pods_SocialMediaApp_Dev.framework */ = {isa = PBXFileReference; explicitFileType = wrapper.framework; includeInIndex = 0; path = Pods_SocialMediaApp_Dev.framework; sourceTree = BUILT_PRODUCTS_DIR; };
		44DED71F5572EE62F77C2998 /* Pods-SocialMediaAppTests.release.xcconfig */ = {isa = PBXFileReference; includeInIndex = 1; lastKnownFileType = text.xcconfig; name = "Pods-SocialMediaAppTests.release.xcconfig"; path = "Pods/Target Support Files/Pods-SocialMediaAppTests/Pods-SocialMediaAppTests.release.xcconfig"; sourceTree = "<group>"; };
		53FBE88AB9872EA5ABE20FFB /* Pods-SocialMediaAppUITests.debug.xcconfig */ = {isa = PBXFileReference; includeInIndex = 1; lastKnownFileType = text.xcconfig; name = "Pods-SocialMediaAppUITests.debug.xcconfig"; path = "Pods/Target Support Files/Pods-SocialMediaAppUITests/Pods-SocialMediaAppUITests.debug.xcconfig"; sourceTree = "<group>"; };
		5C4B31E556B31AEC95DCE060 /* Pods-SocialMediaAppTests.debug.xcconfig */ = {isa = PBXFileReference; includeInIndex = 1; lastKnownFileType = text.xcconfig; name = "Pods-SocialMediaAppTests.debug.xcconfig"; path = "Pods/Target Support Files/Pods-SocialMediaAppTests/Pods-SocialMediaAppTests.debug.xcconfig"; sourceTree = "<group>"; };
		7104B2161DA8D9D50077CE84 /* UserSettingsVC.swift */ = {isa = PBXFileReference; fileEncoding = 4; lastKnownFileType = sourcecode.swift; path = UserSettingsVC.swift; sourceTree = "<group>"; };
		7111C7E41DCCB3270012D32C /* FacebookLogin.swift */ = {isa = PBXFileReference; fileEncoding = 4; lastKnownFileType = sourcecode.swift; path = FacebookLogin.swift; sourceTree = "<group>"; };
		7111C7E61DCDF38B0012D32C /* ChangeUserNamePopUpVC.swift */ = {isa = PBXFileReference; fileEncoding = 4; lastKnownFileType = sourcecode.swift; path = ChangeUserNamePopUpVC.swift; sourceTree = "<group>"; };
		7111C7E81DCDFA080012D32C /* ChangeUserEmailVC.swift */ = {isa = PBXFileReference; fileEncoding = 4; lastKnownFileType = sourcecode.swift; path = ChangeUserEmailVC.swift; sourceTree = "<group>"; };
		7111C7EA1DCDFEED0012D32C /* ReAuthenticateUserVC.swift */ = {isa = PBXFileReference; fileEncoding = 4; lastKnownFileType = sourcecode.swift; path = ReAuthenticateUserVC.swift; sourceTree = "<group>"; };
		7111C80B1DD4DC530012D32C /* RegEx.swift */ = {isa = PBXFileReference; fileEncoding = 4; lastKnownFileType = sourcecode.swift; path = RegEx.swift; sourceTree = "<group>"; };
		7111C8241DE1BB8B0012D32C /* ChangeUserSettings.swift */ = {isa = PBXFileReference; fileEncoding = 4; lastKnownFileType = sourcecode.swift; path = ChangeUserSettings.swift; sourceTree = "<group>"; };
		712C334B1DA182C1006DD610 /* SocialMediaApp-Bridging-Header.h */ = {isa = PBXFileReference; fileEncoding = 4; lastKnownFileType = sourcecode.c.h; path = "SocialMediaApp-Bridging-Header.h"; sourceTree = "<group>"; };
		712C33551DA2A481006DD610 /* Assets.xcassets */ = {isa = PBXFileReference; lastKnownFileType = folder.assetcatalog; path = Assets.xcassets; sourceTree = "<group>"; };
		713B12E21D7D713F00AF79C3 /* SocialMediaApp.app */ = {isa = PBXFileReference; explicitFileType = wrapper.application; includeInIndex = 0; path = SocialMediaApp.app; sourceTree = BUILT_PRODUCTS_DIR; };
		713B12E51D7D713F00AF79C3 /* AppDelegate.swift */ = {isa = PBXFileReference; lastKnownFileType = sourcecode.swift; path = AppDelegate.swift; sourceTree = "<group>"; };
		713B12E71D7D713F00AF79C3 /* SignInVC.swift */ = {isa = PBXFileReference; lastKnownFileType = sourcecode.swift; path = SignInVC.swift; sourceTree = "<group>"; };
		713B12EA1D7D713F00AF79C3 /* Base */ = {isa = PBXFileReference; lastKnownFileType = file.storyboard; name = Base; path = Base.lproj/Main.storyboard; sourceTree = "<group>"; };
		713B12EF1D7D713F00AF79C3 /* Base */ = {isa = PBXFileReference; lastKnownFileType = file.storyboard; name = Base; path = Base.lproj/LaunchScreen.storyboard; sourceTree = "<group>"; };
		713B12F11D7D713F00AF79C3 /* Info.plist */ = {isa = PBXFileReference; lastKnownFileType = text.plist.xml; path = Info.plist; sourceTree = "<group>"; };
		713B13131D7D733700AF79C3 /* GoogleService-Info.plist */ = {isa = PBXFileReference; fileEncoding = 4; lastKnownFileType = text.plist.xml; path = "GoogleService-Info.plist"; sourceTree = "<group>"; };
		713B13191D7EBD5700AF79C3 /* ShadowView.swift */ = {isa = PBXFileReference; fileEncoding = 4; lastKnownFileType = sourcecode.swift; path = ShadowView.swift; sourceTree = "<group>"; };
		713B131C1D7EBE2D00AF79C3 /* Constants.swift */ = {isa = PBXFileReference; fileEncoding = 4; lastKnownFileType = sourcecode.swift; path = Constants.swift; sourceTree = "<group>"; };
		713B13201D7EC46800AF79C3 /* RoundedBorderTextField.swift */ = {isa = PBXFileReference; fileEncoding = 4; lastKnownFileType = sourcecode.swift; path = RoundedBorderTextField.swift; sourceTree = "<group>"; };
		713B13241D803C8000AF79C3 /* SocialMediaApp.entitlements */ = {isa = PBXFileReference; lastKnownFileType = text.plist.entitlements; path = SocialMediaApp.entitlements; sourceTree = "<group>"; };
		71578F321D841DA5004B56AE /* FeedVC.swift */ = {isa = PBXFileReference; fileEncoding = 4; lastKnownFileType = sourcecode.swift; path = FeedVC.swift; sourceTree = "<group>"; };
		715F55481E1D364C008DC82B /* SigInWithEmailVC.swift */ = {isa = PBXFileReference; fileEncoding = 4; lastKnownFileType = sourcecode.swift; path = SigInWithEmailVC.swift; sourceTree = "<group>"; };
		715F554A1E1D3AEB008DC82B /* SpiderCollectionVC.swift */ = {isa = PBXFileReference; fileEncoding = 4; lastKnownFileType = sourcecode.swift; path = SpiderCollectionVC.swift; sourceTree = "<group>"; };
		715F554E1E1E3D05008DC82B /* UITextFieldExt.swift */ = {isa = PBXFileReference; fileEncoding = 4; lastKnownFileType = sourcecode.swift; path = UITextFieldExt.swift; sourceTree = "<group>"; };
		718BA3C01DC8BE3D00E764C0 /* VCExt.swift */ = {isa = PBXFileReference; fileEncoding = 4; lastKnownFileType = sourcecode.swift; path = VCExt.swift; sourceTree = "<group>"; };
		718BA3C21DC8C93D00E764C0 /* TwitterLogin.swift */ = {isa = PBXFileReference; fileEncoding = 4; lastKnownFileType = sourcecode.swift; path = TwitterLogin.swift; sourceTree = "<group>"; };
		718BA3C41DC8CA2800E764C0 /* FirebaseLogin.swift */ = {isa = PBXFileReference; fileEncoding = 4; lastKnownFileType = sourcecode.swift; path = FirebaseLogin.swift; sourceTree = "<group>"; };
		71945C011EAA6BB000F76CD6 /* LocalNotifications.swift */ = {isa = PBXFileReference; fileEncoding = 4; lastKnownFileType = sourcecode.swift; path = LocalNotifications.swift; sourceTree = "<group>"; };
		719BFE751E0AF97A006EB47A /* Globals.swift */ = {isa = PBXFileReference; fileEncoding = 4; lastKnownFileType = sourcecode.swift; path = Globals.swift; sourceTree = "<group>"; };
		719BFEA01E1D723D006EB47A /* Spider.swift */ = {isa = PBXFileReference; fileEncoding = 4; lastKnownFileType = sourcecode.swift; path = Spider.swift; sourceTree = "<group>"; };
		719BFEA31E1D9E3F006EB47A /* AddSpiderVC.swift */ = {isa = PBXFileReference; fileEncoding = 4; lastKnownFileType = sourcecode.swift; path = AddSpiderVC.swift; sourceTree = "<group>"; };
		719BFEA71E1FD7D3006EB47A /* CellSpider.swift */ = {isa = PBXFileReference; fileEncoding = 4; lastKnownFileType = sourcecode.swift; path = CellSpider.swift; sourceTree = "<group>"; };
		719BFEAB1E2022CD006EB47A /* SpiderDetailVC.swift */ = {isa = PBXFileReference; fileEncoding = 4; lastKnownFileType = sourcecode.swift; path = SpiderDetailVC.swift; sourceTree = "<group>"; };
		71A9EAE51DAA6887003B08BD /* ProfileImage.swift */ = {isa = PBXFileReference; fileEncoding = 4; lastKnownFileType = sourcecode.swift; path = ProfileImage.swift; sourceTree = "<group>"; };
		71CE62501D858C66002C5B0B /* CircleView.swift */ = {isa = PBXFileReference; fileEncoding = 4; lastKnownFileType = sourcecode.swift; path = CircleView.swift; sourceTree = "<group>"; };
		71CE62521D8692C5002C5B0B /* CellFeed.swift */ = {isa = PBXFileReference; fileEncoding = 4; lastKnownFileType = sourcecode.swift; path = CellFeed.swift; sourceTree = "<group>"; };
		71CE62551D882D6A002C5B0B /* DataService.swift */ = {isa = PBXFileReference; fileEncoding = 4; lastKnownFileType = sourcecode.swift; path = DataService.swift; sourceTree = "<group>"; };
		71CE62571D893323002C5B0B /* Post.swift */ = {isa = PBXFileReference; fileEncoding = 4; lastKnownFileType = sourcecode.swift; path = Post.swift; sourceTree = "<group>"; };
		71DEBBA01DCBC47B001A8588 /* EmailLogin.swift */ = {isa = PBXFileReference; fileEncoding = 4; lastKnownFileType = sourcecode.swift; path = EmailLogin.swift; sourceTree = "<group>"; };
		71EB434A1DCBBE0C00142783 /* CompleteSignInWthFirebaseDelegate.swift */ = {isa = PBXFileReference; fileEncoding = 4; lastKnownFileType = sourcecode.swift; path = CompleteSignInWthFirebaseDelegate.swift; sourceTree = "<group>"; };
		71EF4ABB1DAE569200076B56 /* RoundedContentView.swift */ = {isa = PBXFileReference; fileEncoding = 4; lastKnownFileType = sourcecode.swift; path = RoundedContentView.swift; sourceTree = "<group>"; };
		71EF4ABD1DAE5AAC00076B56 /* RoundedTextView.swift */ = {isa = PBXFileReference; fileEncoding = 4; lastKnownFileType = sourcecode.swift; path = RoundedTextView.swift; sourceTree = "<group>"; };
		71F1F9541DB12517009D8A60 /* FirebaseUser.swift */ = {isa = PBXFileReference; fileEncoding = 4; lastKnownFileType = sourcecode.swift; path = FirebaseUser.swift; sourceTree = "<group>"; };
		71FE20921DAD32D50036FE9F /* TapImageView.swift */ = {isa = PBXFileReference; fileEncoding = 4; lastKnownFileType = sourcecode.swift; path = TapImageView.swift; sourceTree = "<group>"; };
		76DA853E3AF51110B6658CCD /* Pods_SocialMediaAppUITests.framework */ = {isa = PBXFileReference; explicitFileType = wrapper.framework; includeInIndex = 0; path = Pods_SocialMediaAppUITests.framework; sourceTree = BUILT_PRODUCTS_DIR; };
		795D358B1F97CC6A000BB7C0 /* SocialMediaApp-Dev.app */ = {isa = PBXFileReference; explicitFileType = wrapper.application; includeInIndex = 0; path = "SocialMediaApp-Dev.app"; sourceTree = BUILT_PRODUCTS_DIR; };
		795D358C1F97CC6A000BB7C0 /* Dev-Info.plist */ = {isa = PBXFileReference; lastKnownFileType = text.plist.xml; name = "Dev-Info.plist"; path = "/Users/serwis/SpidersWeb-iOS-Swift/Dev-Info.plist"; sourceTree = "<absolute>"; };
		93CCE6F8D2C2C916DFA31947 /* Pods_SocialMediaAppIntegrationTest.framework */ = {isa = PBXFileReference; explicitFileType = wrapper.framework; includeInIndex = 0; path = Pods_SocialMediaAppIntegrationTest.framework; sourceTree = BUILT_PRODUCTS_DIR; };
		9456A95C93947D28FACE026F /* Pods-SocialMediaAppIntegrationTest.release.xcconfig */ = {isa = PBXFileReference; includeInIndex = 1; lastKnownFileType = text.xcconfig; name = "Pods-SocialMediaAppIntegrationTest.release.xcconfig"; path = "Pods/Target Support Files/Pods-SocialMediaAppIntegrationTest/Pods-SocialMediaAppIntegrationTest.release.xcconfig"; sourceTree = "<group>"; };
		A2A80B342CC6FFCA4CE04101 /* Pods-SocialMediaAppUITests.release.xcconfig */ = {isa = PBXFileReference; includeInIndex = 1; lastKnownFileType = text.xcconfig; name = "Pods-SocialMediaAppUITests.release.xcconfig"; path = "Pods/Target Support Files/Pods-SocialMediaAppUITests/Pods-SocialMediaAppUITests.release.xcconfig"; sourceTree = "<group>"; };
		B206E1BB1F6D1888004A21A6 /* ClearTextField.swift */ = {isa = PBXFileReference; fileEncoding = 4; lastKnownFileType = sourcecode.swift; path = ClearTextField.swift; sourceTree = "<group>"; };
		B21493551F6E96AD001D5C4D /* ShowPopUp.swift */ = {isa = PBXFileReference; fileEncoding = 4; lastKnownFileType = sourcecode.swift; path = ShowPopUp.swift; sourceTree = "<group>"; };
		B21493571F6E9863001D5C4D /* StringsConstants.swift */ = {isa = PBXFileReference; fileEncoding = 4; lastKnownFileType = sourcecode.swift; path = StringsConstants.swift; sourceTree = "<group>"; };
		B21493591F6E9B5C001D5C4D /* CreateNewAccountVC.swift */ = {isa = PBXFileReference; fileEncoding = 4; lastKnownFileType = sourcecode.swift; path = CreateNewAccountVC.swift; sourceTree = "<group>"; };
		B214935B1F6E9F2C001D5C4D /* GlobalFunctions.swift */ = {isa = PBXFileReference; fileEncoding = 4; lastKnownFileType = sourcecode.swift; path = GlobalFunctions.swift; sourceTree = "<group>"; };
		B214935E1F6EA01F001D5C4D /* AuthenticationFailedPopUp.swift */ = {isa = PBXFileReference; fileEncoding = 4; lastKnownFileType = sourcecode.swift; path = AuthenticationFailedPopUp.swift; sourceTree = "<group>"; };
		B21493601F6EA064001D5C4D /* RoundedView.swift */ = {isa = PBXFileReference; fileEncoding = 4; lastKnownFileType = sourcecode.swift; path = RoundedView.swift; sourceTree = "<group>"; };
		B248B8661F962FE000338C5F /* WhiteTextLabel.swift */ = {isa = PBXFileReference; fileEncoding = 4; lastKnownFileType = sourcecode.swift; path = WhiteTextLabel.swift; sourceTree = "<group>"; };
		B248B8681F9630E400338C5F /* BlurView.swift */ = {isa = PBXFileReference; fileEncoding = 4; lastKnownFileType = sourcecode.swift; path = BlurView.swift; sourceTree = "<group>"; };
		B248B86E1F988AC700338C5F /* SocialMediaAppIntegrationTest.xctest */ = {isa = PBXFileReference; explicitFileType = wrapper.cfbundle; includeInIndex = 0; path = SocialMediaAppIntegrationTest.xctest; sourceTree = BUILT_PRODUCTS_DIR; };
		B248B8721F988AC800338C5F /* Info.plist */ = {isa = PBXFileReference; lastKnownFileType = text.plist.xml; path = Info.plist; sourceTree = "<group>"; };
		B248B8841F988D7D00338C5F /* KIF+Extensions.swift */ = {isa = PBXFileReference; fileEncoding = 4; lastKnownFileType = sourcecode.swift; path = "KIF+Extensions.swift"; sourceTree = "<group>"; };
		B248B8871F988E0200338C5F /* SocialMediaAppIntegrationTest-Bridging-Header.h */ = {isa = PBXFileReference; fileEncoding = 4; lastKnownFileType = sourcecode.c.h; path = "SocialMediaAppIntegrationTest-Bridging-Header.h"; sourceTree = "<group>"; };
		B248B8891F988E4500338C5F /* BaseUITests.swift */ = {isa = PBXFileReference; fileEncoding = 4; lastKnownFileType = sourcecode.swift; path = BaseUITests.swift; sourceTree = "<group>"; };
		B248B88B1F988E7500338C5F /* Name.swift */ = {isa = PBXFileReference; fileEncoding = 4; lastKnownFileType = sourcecode.swift; path = Name.swift; sourceTree = "<group>"; };
		B248B88D1F98902A00338C5F /* SignInWithEmailTest.swift */ = {isa = PBXFileReference; fileEncoding = 4; lastKnownFileType = sourcecode.swift; path = SignInWithEmailTest.swift; sourceTree = "<group>"; };
		B27C1CF51F953A480069C400 /* SocialMediaAppTests.xctest */ = {isa = PBXFileReference; explicitFileType = wrapper.cfbundle; includeInIndex = 0; path = SocialMediaAppTests.xctest; sourceTree = BUILT_PRODUCTS_DIR; };
		B27C1CF91F953A480069C400 /* Info.plist */ = {isa = PBXFileReference; lastKnownFileType = text.plist.xml; path = Info.plist; sourceTree = "<group>"; };
		B27C1CFF1F953D450069C400 /* SocialMediaAppTests-Bridging-Header.h */ = {isa = PBXFileReference; lastKnownFileType = sourcecode.c.h; path = "SocialMediaAppTests-Bridging-Header.h"; sourceTree = "<group>"; };
		B27C1D001F953D450069C400 /* AuthenticationFailedPopUpTest.swift */ = {isa = PBXFileReference; fileEncoding = 4; lastKnownFileType = sourcecode.swift; path = AuthenticationFailedPopUpTest.swift; sourceTree = "<group>"; };
		B27C1D021F953E2F0069C400 /* Quick.framework */ = {isa = PBXFileReference; lastKnownFileType = wrapper.framework; name = Quick.framework; path = "Pods/../build/Debug-iphoneos/Quick/Quick.framework"; sourceTree = "<group>"; };
		B27C1D041F953E3A0069C400 /* Nimble.framework */ = {isa = PBXFileReference; lastKnownFileType = wrapper.framework; name = Nimble.framework; path = "Pods/../build/Debug-iphoneos/Nimble/Nimble.framework"; sourceTree = "<group>"; };
		B29EDB611F4B7C7200846AB3 /* Colors.swift */ = {isa = PBXFileReference; fileEncoding = 4; lastKnownFileType = sourcecode.swift; path = Colors.swift; sourceTree = "<group>"; };
		B29EDB631F4B7E9000846AB3 /* RoundedButton.swift */ = {isa = PBXFileReference; fileEncoding = 4; lastKnownFileType = sourcecode.swift; path = RoundedButton.swift; sourceTree = "<group>"; };
		B29EDB651F4B7F0600846AB3 /* UIViewExtension.swift */ = {isa = PBXFileReference; fileEncoding = 4; lastKnownFileType = sourcecode.swift; path = UIViewExtension.swift; sourceTree = "<group>"; };
		B2A046BC1EBA633300035DB8 /* CustomErrorMessages.swift */ = {isa = PBXFileReference; fileEncoding = 4; lastKnownFileType = sourcecode.swift; path = CustomErrorMessages.swift; sourceTree = "<group>"; };
		B2DC43861F50170700AAECC9 /* BaseVC.swift */ = {isa = PBXFileReference; fileEncoding = 4; lastKnownFileType = sourcecode.swift; path = BaseVC.swift; sourceTree = "<group>"; };
		C0AA5EA03C4ACC502DA33078 /* Pods_SocialMediaAppTests.framework */ = {isa = PBXFileReference; explicitFileType = wrapper.framework; includeInIndex = 0; path = Pods_SocialMediaAppTests.framework; sourceTree = BUILT_PRODUCTS_DIR; };
		CBBFC757ABB0FFE0093B5D8C /* Pods-SocialMediaApp.release.xcconfig */ = {isa = PBXFileReference; includeInIndex = 1; lastKnownFileType = text.xcconfig; name = "Pods-SocialMediaApp.release.xcconfig"; path = "Pods/Target Support Files/Pods-SocialMediaApp/Pods-SocialMediaApp.release.xcconfig"; sourceTree = "<group>"; };
		CBCF4D65EBEC3774CDD4F818 /* Pods-SocialMediaApp-Dev.debug.xcconfig */ = {isa = PBXFileReference; includeInIndex = 1; lastKnownFileType = text.xcconfig; name = "Pods-SocialMediaApp-Dev.debug.xcconfig"; path = "Pods/Target Support Files/Pods-SocialMediaApp-Dev/Pods-SocialMediaApp-Dev.debug.xcconfig"; sourceTree = "<group>"; };
/* End PBXFileReference section */

/* Begin PBXFrameworksBuildPhase section */
		713B12DF1D7D713F00AF79C3 /* Frameworks */ = {
			isa = PBXFrameworksBuildPhase;
			buildActionMask = 2147483647;
			files = (
				A710C3FCB0C7313163A7BAE8 /* Pods_SocialMediaApp.framework in Frameworks */,
			);
			runOnlyForDeploymentPostprocessing = 0;
		};
		795D357E1F97CC6A000BB7C0 /* Frameworks */ = {
			isa = PBXFrameworksBuildPhase;
			buildActionMask = 2147483647;
			files = (
				795D357F1F97CC6A000BB7C0 /* Pods_SocialMediaApp.framework in Frameworks */,
				0A5EA75651D32093250F3152 /* Pods_SocialMediaApp_Dev.framework in Frameworks */,
			);
			runOnlyForDeploymentPostprocessing = 0;
		};
		B248B86B1F988AC700338C5F /* Frameworks */ = {
			isa = PBXFrameworksBuildPhase;
			buildActionMask = 2147483647;
			files = (
				9244A047906C3D1F1BC82C0B /* Pods_SocialMediaAppIntegrationTest.framework in Frameworks */,
			);
			runOnlyForDeploymentPostprocessing = 0;
		};
		B27C1CF21F953A480069C400 /* Frameworks */ = {
			isa = PBXFrameworksBuildPhase;
			buildActionMask = 2147483647;
			files = (
				B27C1D051F953E3A0069C400 /* Nimble.framework in Frameworks */,
				B27C1D031F953E2F0069C400 /* Quick.framework in Frameworks */,
				84980AE9A8A7285B2FCBAE57 /* Pods_SocialMediaAppTests.framework in Frameworks */,
			);
			runOnlyForDeploymentPostprocessing = 0;
		};
/* End PBXFrameworksBuildPhase section */

/* Begin PBXGroup section */
		1043D33C3FB9A992212A0BD6 /* Frameworks */ = {
			isa = PBXGroup;
			children = (
				B27C1D041F953E3A0069C400 /* Nimble.framework */,
				B27C1D021F953E2F0069C400 /* Quick.framework */,
				0715497FF7BBA031409B8095 /* Pods_SocialMediaApp.framework */,
				C0AA5EA03C4ACC502DA33078 /* Pods_SocialMediaAppTests.framework */,
				76DA853E3AF51110B6658CCD /* Pods_SocialMediaAppUITests.framework */,
				3CA2D64CF6069AE36927CFA3 /* Pods_SocialMediaApp_Dev.framework */,
				93CCE6F8D2C2C916DFA31947 /* Pods_SocialMediaAppIntegrationTest.framework */,
			);
			name = Frameworks;
			sourceTree = "<group>";
		};
		7111C7EC1DD07A310012D32C /* PopUpVC */ = {
			isa = PBXGroup;
			children = (
				7111C7E61DCDF38B0012D32C /* ChangeUserNamePopUpVC.swift */,
				7111C7E81DCDFA080012D32C /* ChangeUserEmailVC.swift */,
				7111C7EA1DCDFEED0012D32C /* ReAuthenticateUserVC.swift */,
			);
			name = PopUpVC;
			sourceTree = "<group>";
		};
		713B12D91D7D713F00AF79C3 = {
			isa = PBXGroup;
			children = (
				713B12E41D7D713F00AF79C3 /* SocialMediaApp */,
				B27C1CF61F953A480069C400 /* SocialMediaAppTests */,
				B248B86F1F988AC800338C5F /* SocialMediaAppIntegrationTest */,
				713B12E31D7D713F00AF79C3 /* Products */,
				C7F5CD63918F0EBC28ED6835 /* Pods */,
				1043D33C3FB9A992212A0BD6 /* Frameworks */,
			);
			sourceTree = "<group>";
		};
		713B12E31D7D713F00AF79C3 /* Products */ = {
			isa = PBXGroup;
			children = (
				713B12E21D7D713F00AF79C3 /* SocialMediaApp.app */,
				B27C1CF51F953A480069C400 /* SocialMediaAppTests.xctest */,
				795D358B1F97CC6A000BB7C0 /* SocialMediaApp-Dev.app */,
				B248B86E1F988AC700338C5F /* SocialMediaAppIntegrationTest.xctest */,
			);
			name = Products;
			sourceTree = "<group>";
		};
		713B12E41D7D713F00AF79C3 /* SocialMediaApp */ = {
			isa = PBXGroup;
			children = (
				713B13171D7D82D900AF79C3 /* Controller */,
				713B13161D7D82CB00AF79C3 /* View */,
				713B13151D7D82C300AF79C3 /* Model */,
				71945C001EAA6B7D00F76CD6 /* Protocols */,
				7111C7EC1DD07A310012D32C /* PopUpVC */,
				71CE62541D882D2E002C5B0B /* Services */,
				71EB43491DCBBDF000142783 /* Delegates */,
				713B131B1D7EBE0800AF79C3 /* Utilities */,
				718BA3BF1DC8BDE900E764C0 /* Extensions */,
				712C334B1DA182C1006DD610 /* SocialMediaApp-Bridging-Header.h */,
				713B13241D803C8000AF79C3 /* SocialMediaApp.entitlements */,
				713B13181D7D844800AF79C3 /* Defaults */,
			);
			path = SocialMediaApp;
			sourceTree = "<group>";
		};
		713B13151D7D82C300AF79C3 /* Model */ = {
			isa = PBXGroup;
			children = (
				719BFEA01E1D723D006EB47A /* Spider.swift */,
				71CE62571D893323002C5B0B /* Post.swift */,
				71F1F9541DB12517009D8A60 /* FirebaseUser.swift */,
				B21493571F6E9863001D5C4D /* StringsConstants.swift */,
			);
			name = Model;
			sourceTree = "<group>";
		};
		713B13161D7D82CB00AF79C3 /* View */ = {
			isa = PBXGroup;
			children = (
				B214935D1F6E9FE3001D5C4D /* PopUps */,
				719BFEA61E1FD7A3006EB47A /* Cells */,
				719BFEA21E1D740D006EB47A /* UI */,
			);
			name = View;
			sourceTree = "<group>";
		};
		713B13171D7D82D900AF79C3 /* Controller */ = {
			isa = PBXGroup;
			children = (
				713B12E71D7D713F00AF79C3 /* SignInVC.swift */,
				715F554A1E1D3AEB008DC82B /* SpiderCollectionVC.swift */,
				719BFEAB1E2022CD006EB47A /* SpiderDetailVC.swift */,
				719BFEA31E1D9E3F006EB47A /* AddSpiderVC.swift */,
				715F55481E1D364C008DC82B /* SigInWithEmailVC.swift */,
				7104B2161DA8D9D50077CE84 /* UserSettingsVC.swift */,
				71578F321D841DA5004B56AE /* FeedVC.swift */,
				B2DC43861F50170700AAECC9 /* BaseVC.swift */,
				B21493591F6E9B5C001D5C4D /* CreateNewAccountVC.swift */,
			);
			name = Controller;
			sourceTree = "<group>";
		};
		713B13181D7D844800AF79C3 /* Defaults */ = {
			isa = PBXGroup;
			children = (
				713B12E91D7D713F00AF79C3 /* Main.storyboard */,
				713B12EE1D7D713F00AF79C3 /* LaunchScreen.storyboard */,
				713B12E51D7D713F00AF79C3 /* AppDelegate.swift */,
				712C33551DA2A481006DD610 /* Assets.xcassets */,
				713B12F11D7D713F00AF79C3 /* Info.plist */,
				795D358C1F97CC6A000BB7C0 /* Dev-Info.plist */,
				713B13131D7D733700AF79C3 /* GoogleService-Info.plist */,
			);
			name = Defaults;
			sourceTree = "<group>";
		};
		713B131B1D7EBE0800AF79C3 /* Utilities */ = {
			isa = PBXGroup;
			children = (
				713B131C1D7EBE2D00AF79C3 /* Constants.swift */,
				719BFE751E0AF97A006EB47A /* Globals.swift */,
				B2A046BC1EBA633300035DB8 /* CustomErrorMessages.swift */,
			);
			name = Utilities;
			sourceTree = "<group>";
		};
		715F554C1E1E3CDA008DC82B /* UI */ = {
			isa = PBXGroup;
			children = (
				715F554E1E1E3D05008DC82B /* UITextFieldExt.swift */,
				B29EDB651F4B7F0600846AB3 /* UIViewExtension.swift */,
			);
			name = UI;
			sourceTree = "<group>";
		};
		715F554D1E1E3CE0008DC82B /* VC */ = {
			isa = PBXGroup;
			children = (
				718BA3C01DC8BE3D00E764C0 /* VCExt.swift */,
			);
			name = VC;
			sourceTree = "<group>";
		};
		718BA3BF1DC8BDE900E764C0 /* Extensions */ = {
			isa = PBXGroup;
			children = (
				715F554C1E1E3CDA008DC82B /* UI */,
				715F554D1E1E3CE0008DC82B /* VC */,
			);
			name = Extensions;
			sourceTree = "<group>";
		};
		71945C001EAA6B7D00F76CD6 /* Protocols */ = {
			isa = PBXGroup;
			children = (
				71945C011EAA6BB000F76CD6 /* LocalNotifications.swift */,
				B21493551F6E96AD001D5C4D /* ShowPopUp.swift */,
			);
			name = Protocols;
			sourceTree = "<group>";
		};
		719BFEA21E1D740D006EB47A /* UI */ = {
			isa = PBXGroup;
			children = (
				71CE62501D858C66002C5B0B /* CircleView.swift */,
				71A9EAE51DAA6887003B08BD /* ProfileImage.swift */,
				713B13201D7EC46800AF79C3 /* RoundedBorderTextField.swift */,
				71EF4ABB1DAE569200076B56 /* RoundedContentView.swift */,
				71EF4ABD1DAE5AAC00076B56 /* RoundedTextView.swift */,
				713B13191D7EBD5700AF79C3 /* ShadowView.swift */,
				71FE20921DAD32D50036FE9F /* TapImageView.swift */,
				B29EDB631F4B7E9000846AB3 /* RoundedButton.swift */,
				B206E1BB1F6D1888004A21A6 /* ClearTextField.swift */,
				B21493601F6EA064001D5C4D /* RoundedView.swift */,
				B248B8661F962FE000338C5F /* WhiteTextLabel.swift */,
				B248B8681F9630E400338C5F /* BlurView.swift */,
			);
			name = UI;
			sourceTree = "<group>";
		};
		719BFEA61E1FD7A3006EB47A /* Cells */ = {
			isa = PBXGroup;
			children = (
				719BFEA71E1FD7D3006EB47A /* CellSpider.swift */,
				71CE62521D8692C5002C5B0B /* CellFeed.swift */,
			);
			name = Cells;
			sourceTree = "<group>";
		};
		71CE62541D882D2E002C5B0B /* Services */ = {
			isa = PBXGroup;
			children = (
				71CE62551D882D6A002C5B0B /* DataService.swift */,
				718BA3C21DC8C93D00E764C0 /* TwitterLogin.swift */,
				718BA3C41DC8CA2800E764C0 /* FirebaseLogin.swift */,
				71DEBBA01DCBC47B001A8588 /* EmailLogin.swift */,
				7111C7E41DCCB3270012D32C /* FacebookLogin.swift */,
				7111C80B1DD4DC530012D32C /* RegEx.swift */,
				7111C8241DE1BB8B0012D32C /* ChangeUserSettings.swift */,
				B29EDB611F4B7C7200846AB3 /* Colors.swift */,
				B214935B1F6E9F2C001D5C4D /* GlobalFunctions.swift */,
			);
			name = Services;
			sourceTree = "<group>";
		};
		71EB43491DCBBDF000142783 /* Delegates */ = {
			isa = PBXGroup;
			children = (
				71EB434A1DCBBE0C00142783 /* CompleteSignInWthFirebaseDelegate.swift */,
			);
			name = Delegates;
			sourceTree = "<group>";
		};
		B214935D1F6E9FE3001D5C4D /* PopUps */ = {
			isa = PBXGroup;
			children = (
				B214935E1F6EA01F001D5C4D /* AuthenticationFailedPopUp.swift */,
			);
			name = PopUps;
			sourceTree = "<group>";
		};
		B248B86F1F988AC800338C5F /* SocialMediaAppIntegrationTest */ = {
			isa = PBXGroup;
			children = (
				B248B8881F988E3700338C5F /* Tests */,
				B248B8821F988D6800338C5F /* Services */,
				B248B8721F988AC800338C5F /* Info.plist */,
			);
			path = SocialMediaAppIntegrationTest;
			sourceTree = "<group>";
		};
		B248B8821F988D6800338C5F /* Services */ = {
			isa = PBXGroup;
			children = (
				B248B8841F988D7D00338C5F /* KIF+Extensions.swift */,
				B248B8871F988E0200338C5F /* SocialMediaAppIntegrationTest-Bridging-Header.h */,
				B248B88B1F988E7500338C5F /* Name.swift */,
			);
			name = Services;
			sourceTree = "<group>";
		};
		B248B8881F988E3700338C5F /* Tests */ = {
			isa = PBXGroup;
			children = (
				B248B88D1F98902A00338C5F /* SignInWithEmailTest.swift */,
				B248B8891F988E4500338C5F /* BaseUITests.swift */,
			);
			name = Tests;
			sourceTree = "<group>";
		};
		B27C1CF61F953A480069C400 /* SocialMediaAppTests */ = {
			isa = PBXGroup;
			children = (
				B27C1CF91F953A480069C400 /* Info.plist */,
				B27C1D001F953D450069C400 /* AuthenticationFailedPopUpTest.swift */,
				B27C1CFF1F953D450069C400 /* SocialMediaAppTests-Bridging-Header.h */,
			);
			path = SocialMediaAppTests;
			sourceTree = "<group>";
		};
		C7F5CD63918F0EBC28ED6835 /* Pods */ = {
			isa = PBXGroup;
			children = (
				1ECB4C7DE4B73C61CA8DD4D4 /* Pods-SocialMediaApp.debug.xcconfig */,
				CBBFC757ABB0FFE0093B5D8C /* Pods-SocialMediaApp.release.xcconfig */,
				5C4B31E556B31AEC95DCE060 /* Pods-SocialMediaAppTests.debug.xcconfig */,
				44DED71F5572EE62F77C2998 /* Pods-SocialMediaAppTests.release.xcconfig */,
				53FBE88AB9872EA5ABE20FFB /* Pods-SocialMediaAppUITests.debug.xcconfig */,
				A2A80B342CC6FFCA4CE04101 /* Pods-SocialMediaAppUITests.release.xcconfig */,
				CBCF4D65EBEC3774CDD4F818 /* Pods-SocialMediaApp-Dev.debug.xcconfig */,
				264D617238371E5DCBC81786 /* Pods-SocialMediaApp-Dev.release.xcconfig */,
				0D0C8E3D72B868A69B3445F8 /* Pods-SocialMediaAppIntegrationTest.debug.xcconfig */,
				9456A95C93947D28FACE026F /* Pods-SocialMediaAppIntegrationTest.release.xcconfig */,
			);
			name = Pods;
			sourceTree = "<group>";
		};
/* End PBXGroup section */

/* Begin PBXNativeTarget section */
		713B12E11D7D713F00AF79C3 /* SocialMediaApp */ = {
			isa = PBXNativeTarget;
			buildConfigurationList = 713B130A1D7D713F00AF79C3 /* Build configuration list for PBXNativeTarget "SocialMediaApp" */;
			buildPhases = (
				6F31E29BF2377C7F5C286E23 /* [CP] Check Pods Manifest.lock */,
				713B12DE1D7D713F00AF79C3 /* Sources */,
				713B12DF1D7D713F00AF79C3 /* Frameworks */,
				713B12E01D7D713F00AF79C3 /* Resources */,
				87406E566A8D005D5733CB7F /* [CP] Embed Pods Frameworks */,
				75BCB09F10B3A67597DFC9FA /* [CP] Copy Pods Resources */,
				71698D841DA3DBC700F06D6D /* ShellScript */,
			);
			buildRules = (
			);
			dependencies = (
			);
			name = SocialMediaApp;
			productName = SocialMediaApp;
			productReference = 713B12E21D7D713F00AF79C3 /* SocialMediaApp.app */;
			productType = "com.apple.product-type.application";
		};
		795D35491F97CC6A000BB7C0 /* SocialMediaApp-Dev */ = {
			isa = PBXNativeTarget;
			buildConfigurationList = 795D35881F97CC6A000BB7C0 /* Build configuration list for PBXNativeTarget "SocialMediaApp-Dev" */;
			buildPhases = (
				795D354A1F97CC6A000BB7C0 /* [CP] Check Pods Manifest.lock */,
				795D354B1F97CC6A000BB7C0 /* Sources */,
				795D357E1F97CC6A000BB7C0 /* Frameworks */,
				795D35801F97CC6A000BB7C0 /* Resources */,
				795D35851F97CC6A000BB7C0 /* [CP] Embed Pods Frameworks */,
				795D35861F97CC6A000BB7C0 /* [CP] Copy Pods Resources */,
				795D35871F97CC6A000BB7C0 /* ShellScript */,
			);
			buildRules = (
			);
			dependencies = (
			);
			name = "SocialMediaApp-Dev";
			productName = SocialMediaApp;
			productReference = 795D358B1F97CC6A000BB7C0 /* SocialMediaApp-Dev.app */;
			productType = "com.apple.product-type.application";
		};
		B248B86D1F988AC700338C5F /* SocialMediaAppIntegrationTest */ = {
			isa = PBXNativeTarget;
			buildConfigurationList = B248B8771F988AC800338C5F /* Build configuration list for PBXNativeTarget "SocialMediaAppIntegrationTest" */;
			buildPhases = (
				5A8C81D4D814CCAB25A43521 /* [CP] Check Pods Manifest.lock */,
				B248B86A1F988AC700338C5F /* Sources */,
				B248B86B1F988AC700338C5F /* Frameworks */,
				B248B86C1F988AC700338C5F /* Resources */,
				5F7EA35E7D8ED3A95A2D3CC0 /* [CP] Embed Pods Frameworks */,
				B1DF2BF40A88A0303B00AD4F /* [CP] Copy Pods Resources */,
			);
			buildRules = (
			);
			dependencies = (
				B248B8741F988AC800338C5F /* PBXTargetDependency */,
				B248B87B1F988AE500338C5F /* PBXTargetDependency */,
			);
			name = SocialMediaAppIntegrationTest;
			productName = SocialMediaAppIntegrationTest;
			productReference = B248B86E1F988AC700338C5F /* SocialMediaAppIntegrationTest.xctest */;
			productType = "com.apple.product-type.bundle.unit-test";
		};
		B27C1CF41F953A480069C400 /* SocialMediaAppTests */ = {
			isa = PBXNativeTarget;
			buildConfigurationList = B27C1CFC1F953A480069C400 /* Build configuration list for PBXNativeTarget "SocialMediaAppTests" */;
			buildPhases = (
				D1555ADE1D3E292E1B56A36D /* [CP] Check Pods Manifest.lock */,
				B27C1CF11F953A480069C400 /* Sources */,
				B27C1CF21F953A480069C400 /* Frameworks */,
				B27C1CF31F953A480069C400 /* Resources */,
				7BB8713ABAB7C00380BA6B68 /* [CP] Embed Pods Frameworks */,
				3E732B2408217B2659ADC64F /* [CP] Copy Pods Resources */,
			);
			buildRules = (
			);
			dependencies = (
				B27C1CFB1F953A480069C400 /* PBXTargetDependency */,
				B248B8791F988AE000338C5F /* PBXTargetDependency */,
			);
			name = SocialMediaAppTests;
			productName = SocialMediaAppTests;
			productReference = B27C1CF51F953A480069C400 /* SocialMediaAppTests.xctest */;
			productType = "com.apple.product-type.bundle.unit-test";
		};
/* End PBXNativeTarget section */

/* Begin PBXProject section */
		713B12DA1D7D713F00AF79C3 /* Project object */ = {
			isa = PBXProject;
			attributes = {
				LastSwiftUpdateCheck = 0830;
				LastUpgradeCheck = 0800;
				ORGANIZATIONNAME = "Grzegorz Kwaśniewski";
				TargetAttributes = {
					713B12E11D7D713F00AF79C3 = {
						CreatedOnToolsVersion = 8.0;
						DevelopmentTeam = 7K692Z62S3;
						LastSwiftMigration = 0800;
						ProvisioningStyle = Automatic;
						SystemCapabilities = {
							com.apple.Keychain = {
								enabled = 1;
							};
						};
					};
					795D35491F97CC6A000BB7C0 = {
						DevelopmentTeam = 7K692Z62S3;
					};
					B248B86D1F988AC700338C5F = {
						CreatedOnToolsVersion = 8.3.3;
						DevelopmentTeam = 7K692Z62S3;
						LastSwiftMigration = 0830;
						ProvisioningStyle = Automatic;
						TestTargetID = 713B12E11D7D713F00AF79C3;
					};
					B27C1CF41F953A480069C400 = {
						CreatedOnToolsVersion = 8.3.2;
						DevelopmentTeam = 7K692Z62S3;
						LastSwiftMigration = 0830;
						ProvisioningStyle = Automatic;
						TestTargetID = 713B12E11D7D713F00AF79C3;
					};
				};
			};
			buildConfigurationList = 713B12DD1D7D713F00AF79C3 /* Build configuration list for PBXProject "SocialMediaApp" */;
			compatibilityVersion = "Xcode 3.2";
			developmentRegion = English;
			hasScannedForEncodings = 0;
			knownRegions = (
				en,
				Base,
			);
			mainGroup = 713B12D91D7D713F00AF79C3;
			productRefGroup = 713B12E31D7D713F00AF79C3 /* Products */;
			projectDirPath = "";
			projectRoot = "";
			targets = (
				713B12E11D7D713F00AF79C3 /* SocialMediaApp */,
				795D35491F97CC6A000BB7C0 /* SocialMediaApp-Dev */,
				B27C1CF41F953A480069C400 /* SocialMediaAppTests */,
				B248B86D1F988AC700338C5F /* SocialMediaAppIntegrationTest */,
			);
		};
/* End PBXProject section */

/* Begin PBXResourcesBuildPhase section */
		713B12E01D7D713F00AF79C3 /* Resources */ = {
			isa = PBXResourcesBuildPhase;
			buildActionMask = 2147483647;
			files = (
				713B12F01D7D713F00AF79C3 /* LaunchScreen.storyboard in Resources */,
				713B12EB1D7D713F00AF79C3 /* Main.storyboard in Resources */,
				713B13141D7D733700AF79C3 /* GoogleService-Info.plist in Resources */,
				712C33561DA2A481006DD610 /* Assets.xcassets in Resources */,
			);
			runOnlyForDeploymentPostprocessing = 0;
		};
		795D35801F97CC6A000BB7C0 /* Resources */ = {
			isa = PBXResourcesBuildPhase;
			buildActionMask = 2147483647;
			files = (
				795D35811F97CC6A000BB7C0 /* LaunchScreen.storyboard in Resources */,
				795D35821F97CC6A000BB7C0 /* Main.storyboard in Resources */,
				795D35831F97CC6A000BB7C0 /* GoogleService-Info.plist in Resources */,
				795D35841F97CC6A000BB7C0 /* Assets.xcassets in Resources */,
			);
			runOnlyForDeploymentPostprocessing = 0;
		};
		B248B86C1F988AC700338C5F /* Resources */ = {
			isa = PBXResourcesBuildPhase;
			buildActionMask = 2147483647;
			files = (
			);
			runOnlyForDeploymentPostprocessing = 0;
		};
		B27C1CF31F953A480069C400 /* Resources */ = {
			isa = PBXResourcesBuildPhase;
			buildActionMask = 2147483647;
			files = (
			);
			runOnlyForDeploymentPostprocessing = 0;
		};
/* End PBXResourcesBuildPhase section */

/* Begin PBXShellScriptBuildPhase section */
		3E732B2408217B2659ADC64F /* [CP] Copy Pods Resources */ = {
			isa = PBXShellScriptBuildPhase;
			buildActionMask = 2147483647;
			files = (
			);
			inputPaths = (
			);
			name = "[CP] Copy Pods Resources";
			outputPaths = (
			);
			runOnlyForDeploymentPostprocessing = 0;
			shellPath = /bin/sh;
			shellScript = "\"${SRCROOT}/Pods/Target Support Files/Pods-SocialMediaAppTests/Pods-SocialMediaAppTests-resources.sh\"\n";
			showEnvVarsInLog = 0;
		};
		5A8C81D4D814CCAB25A43521 /* [CP] Check Pods Manifest.lock */ = {
			isa = PBXShellScriptBuildPhase;
			buildActionMask = 2147483647;
			files = (
			);
			inputPaths = (
				"${PODS_PODFILE_DIR_PATH}/Podfile.lock",
				"${PODS_ROOT}/Manifest.lock",
			);
			name = "[CP] Check Pods Manifest.lock";
			outputPaths = (
				"$(DERIVED_FILE_DIR)/Pods-SocialMediaAppIntegrationTest-checkManifestLockResult.txt",
			);
			runOnlyForDeploymentPostprocessing = 0;
			shellPath = /bin/sh;
			shellScript = "diff \"${PODS_PODFILE_DIR_PATH}/Podfile.lock\" \"${PODS_ROOT}/Manifest.lock\" > /dev/null\nif [ $? != 0 ] ; then\n    # print error to STDERR\n    echo \"error: The sandbox is not in sync with the Podfile.lock. Run 'pod install' or update your CocoaPods installation.\" >&2\n    exit 1\nfi\n# This output is used by Xcode 'outputs' to avoid re-running this script phase.\necho \"SUCCESS\" > \"${SCRIPT_OUTPUT_FILE_0}\"\n";
			showEnvVarsInLog = 0;
		};
		5F7EA35E7D8ED3A95A2D3CC0 /* [CP] Embed Pods Frameworks */ = {
			isa = PBXShellScriptBuildPhase;
			buildActionMask = 2147483647;
			files = (
			);
			inputPaths = (
				"${SRCROOT}/Pods/Target Support Files/Pods-SocialMediaAppIntegrationTest/Pods-SocialMediaAppIntegrationTest-frameworks.sh",
				"${BUILT_PRODUCTS_DIR}/Nimble/Nimble.framework",
				"${BUILT_PRODUCTS_DIR}/KIF/KIF.framework",
			);
			name = "[CP] Embed Pods Frameworks";
			outputPaths = (
				"${TARGET_BUILD_DIR}/${FRAMEWORKS_FOLDER_PATH}/Nimble.framework",
				"${TARGET_BUILD_DIR}/${FRAMEWORKS_FOLDER_PATH}/KIF.framework",
			);
			runOnlyForDeploymentPostprocessing = 0;
			shellPath = /bin/sh;
			shellScript = "\"${SRCROOT}/Pods/Target Support Files/Pods-SocialMediaAppIntegrationTest/Pods-SocialMediaAppIntegrationTest-frameworks.sh\"\n";
			showEnvVarsInLog = 0;
		};
		6F31E29BF2377C7F5C286E23 /* [CP] Check Pods Manifest.lock */ = {
			isa = PBXShellScriptBuildPhase;
			buildActionMask = 2147483647;
			files = (
			);
			inputPaths = (
				"${PODS_PODFILE_DIR_PATH}/Podfile.lock",
				"${PODS_ROOT}/Manifest.lock",
			);
			name = "[CP] Check Pods Manifest.lock";
			outputPaths = (
				"$(DERIVED_FILE_DIR)/Pods-SocialMediaApp-checkManifestLockResult.txt",
			);
			runOnlyForDeploymentPostprocessing = 0;
			shellPath = /bin/sh;
			shellScript = "diff \"${PODS_PODFILE_DIR_PATH}/Podfile.lock\" \"${PODS_ROOT}/Manifest.lock\" > /dev/null\nif [ $? != 0 ] ; then\n    # print error to STDERR\n    echo \"error: The sandbox is not in sync with the Podfile.lock. Run 'pod install' or update your CocoaPods installation.\" >&2\n    exit 1\nfi\n# This output is used by Xcode 'outputs' to avoid re-running this script phase.\necho \"SUCCESS\" > \"${SCRIPT_OUTPUT_FILE_0}\"\n";
			showEnvVarsInLog = 0;
		};
		71698D841DA3DBC700F06D6D /* ShellScript */ = {
			isa = PBXShellScriptBuildPhase;
			buildActionMask = 2147483647;
			files = (
			);
			inputPaths = (
			);
			outputPaths = (
			);
			runOnlyForDeploymentPostprocessing = 0;
			shellPath = /bin/sh;
			shellScript = "${PODS_ROOT}/Fabric/run fc4a9cf76294124cdca0ae420b501f6ab8816aef 3d16bf559ecaa2c373d4aaf79bf7aae85e9a3d4e3497521a5c619da4e7ab0d10";
		};
		75BCB09F10B3A67597DFC9FA /* [CP] Copy Pods Resources */ = {
			isa = PBXShellScriptBuildPhase;
			buildActionMask = 2147483647;
			files = (
			);
			inputPaths = (
				"${SRCROOT}/Pods/Target Support Files/Pods-SocialMediaApp/Pods-SocialMediaApp-resources.sh",
				"${PODS_ROOT}/GoogleSignIn/Resources/GoogleSignIn.bundle",
				"${PODS_ROOT}/TwitterKit/TwitterKit.framework/Versions/A/Resources/TwitterKitResources.bundle",
			);
			name = "[CP] Copy Pods Resources";
			outputPaths = (
				"${TARGET_BUILD_DIR}/${UNLOCALIZED_RESOURCES_FOLDER_PATH}",
			);
			runOnlyForDeploymentPostprocessing = 0;
			shellPath = /bin/sh;
			shellScript = "\"${SRCROOT}/Pods/Target Support Files/Pods-SocialMediaApp/Pods-SocialMediaApp-resources.sh\"\n";
			showEnvVarsInLog = 0;
		};
		795D354A1F97CC6A000BB7C0 /* [CP] Check Pods Manifest.lock */ = {
			isa = PBXShellScriptBuildPhase;
			buildActionMask = 2147483647;
			files = (
			);
			inputPaths = (
				"${PODS_PODFILE_DIR_PATH}/Podfile.lock",
				"${PODS_ROOT}/Manifest.lock",
			);
			name = "[CP] Check Pods Manifest.lock";
			outputPaths = (
				"$(DERIVED_FILE_DIR)/Pods-SocialMediaApp-Dev-checkManifestLockResult.txt",
			);
			runOnlyForDeploymentPostprocessing = 0;
			shellPath = /bin/sh;
			shellScript = "diff \"${PODS_PODFILE_DIR_PATH}/Podfile.lock\" \"${PODS_ROOT}/Manifest.lock\" > /dev/null\nif [ $? != 0 ] ; then\n    # print error to STDERR\n    echo \"error: The sandbox is not in sync with the Podfile.lock. Run 'pod install' or update your CocoaPods installation.\" >&2\n    exit 1\nfi\n# This output is used by Xcode 'outputs' to avoid re-running this script phase.\necho \"SUCCESS\" > \"${SCRIPT_OUTPUT_FILE_0}\"\n";
			showEnvVarsInLog = 0;
		};
		795D35851F97CC6A000BB7C0 /* [CP] Embed Pods Frameworks */ = {
			isa = PBXShellScriptBuildPhase;
			buildActionMask = 2147483647;
			files = (
			);
			inputPaths = (
				"${SRCROOT}/Pods/Target Support Files/Pods-SocialMediaApp-Dev/Pods-SocialMediaApp-Dev-frameworks.sh",
				"${BUILT_PRODUCTS_DIR}/Bolts/Bolts.framework",
				"${BUILT_PRODUCTS_DIR}/FBSDKCoreKit/FBSDKCoreKit.framework",
				"${BUILT_PRODUCTS_DIR}/FBSDKLoginKit/FBSDKLoginKit.framework",
				"${BUILT_PRODUCTS_DIR}/KRProgressHUD/KRProgressHUD.framework",
				"${BUILT_PRODUCTS_DIR}/SwiftKeychainWrapper/SwiftKeychainWrapper.framework",
			);
			name = "[CP] Embed Pods Frameworks";
			outputPaths = (
				"${TARGET_BUILD_DIR}/${FRAMEWORKS_FOLDER_PATH}/Bolts.framework",
				"${TARGET_BUILD_DIR}/${FRAMEWORKS_FOLDER_PATH}/FBSDKCoreKit.framework",
				"${TARGET_BUILD_DIR}/${FRAMEWORKS_FOLDER_PATH}/FBSDKLoginKit.framework",
				"${TARGET_BUILD_DIR}/${FRAMEWORKS_FOLDER_PATH}/KRProgressHUD.framework",
				"${TARGET_BUILD_DIR}/${FRAMEWORKS_FOLDER_PATH}/SwiftKeychainWrapper.framework",
			);
			runOnlyForDeploymentPostprocessing = 0;
			shellPath = /bin/sh;
			shellScript = "\"${SRCROOT}/Pods/Target Support Files/Pods-SocialMediaApp-Dev/Pods-SocialMediaApp-Dev-frameworks.sh\"\n";
			showEnvVarsInLog = 0;
		};
		795D35861F97CC6A000BB7C0 /* [CP] Copy Pods Resources */ = {
			isa = PBXShellScriptBuildPhase;
			buildActionMask = 2147483647;
			files = (
			);
			inputPaths = (
				"${SRCROOT}/Pods/Target Support Files/Pods-SocialMediaApp-Dev/Pods-SocialMediaApp-Dev-resources.sh",
				"${PODS_ROOT}/GoogleSignIn/Resources/GoogleSignIn.bundle",
				"${PODS_ROOT}/TwitterKit/TwitterKit.framework/Versions/A/Resources/TwitterKitResources.bundle",
			);
			name = "[CP] Copy Pods Resources";
			outputPaths = (
				"${TARGET_BUILD_DIR}/${UNLOCALIZED_RESOURCES_FOLDER_PATH}",
			);
			runOnlyForDeploymentPostprocessing = 0;
			shellPath = /bin/sh;
			shellScript = "\"${SRCROOT}/Pods/Target Support Files/Pods-SocialMediaApp-Dev/Pods-SocialMediaApp-Dev-resources.sh\"\n";
			showEnvVarsInLog = 0;
		};
		795D35871F97CC6A000BB7C0 /* ShellScript */ = {
			isa = PBXShellScriptBuildPhase;
			buildActionMask = 2147483647;
			files = (
			);
			inputPaths = (
			);
			outputPaths = (
			);
			runOnlyForDeploymentPostprocessing = 0;
			shellPath = /bin/sh;
			shellScript = "${PODS_ROOT}/Fabric/run fc4a9cf76294124cdca0ae420b501f6ab8816aef 3d16bf559ecaa2c373d4aaf79bf7aae85e9a3d4e3497521a5c619da4e7ab0d10";
		};
		7BB8713ABAB7C00380BA6B68 /* [CP] Embed Pods Frameworks */ = {
			isa = PBXShellScriptBuildPhase;
			buildActionMask = 2147483647;
			files = (
			);
			inputPaths = (
				"${SRCROOT}/Pods/Target Support Files/Pods-SocialMediaAppTests/Pods-SocialMediaAppTests-frameworks.sh",
				"${BUILT_PRODUCTS_DIR}/Nimble/Nimble.framework",
				"${BUILT_PRODUCTS_DIR}/Quick/Quick.framework",
			);
			name = "[CP] Embed Pods Frameworks";
			outputPaths = (
				"${TARGET_BUILD_DIR}/${FRAMEWORKS_FOLDER_PATH}/Nimble.framework",
				"${TARGET_BUILD_DIR}/${FRAMEWORKS_FOLDER_PATH}/Quick.framework",
			);
			runOnlyForDeploymentPostprocessing = 0;
			shellPath = /bin/sh;
			shellScript = "\"${SRCROOT}/Pods/Target Support Files/Pods-SocialMediaAppTests/Pods-SocialMediaAppTests-frameworks.sh\"\n";
			showEnvVarsInLog = 0;
		};
		87406E566A8D005D5733CB7F /* [CP] Embed Pods Frameworks */ = {
			isa = PBXShellScriptBuildPhase;
			buildActionMask = 2147483647;
			files = (
			);
			inputPaths = (
				"${SRCROOT}/Pods/Target Support Files/Pods-SocialMediaApp/Pods-SocialMediaApp-frameworks.sh",
				"${BUILT_PRODUCTS_DIR}/Bolts/Bolts.framework",
				"${BUILT_PRODUCTS_DIR}/FBSDKCoreKit/FBSDKCoreKit.framework",
				"${BUILT_PRODUCTS_DIR}/FBSDKLoginKit/FBSDKLoginKit.framework",
				"${BUILT_PRODUCTS_DIR}/KRProgressHUD/KRProgressHUD.framework",
				"${BUILT_PRODUCTS_DIR}/SwiftKeychainWrapper/SwiftKeychainWrapper.framework",
			);
			name = "[CP] Embed Pods Frameworks";
			outputPaths = (
				"${TARGET_BUILD_DIR}/${FRAMEWORKS_FOLDER_PATH}/Bolts.framework",
				"${TARGET_BUILD_DIR}/${FRAMEWORKS_FOLDER_PATH}/FBSDKCoreKit.framework",
				"${TARGET_BUILD_DIR}/${FRAMEWORKS_FOLDER_PATH}/FBSDKLoginKit.framework",
				"${TARGET_BUILD_DIR}/${FRAMEWORKS_FOLDER_PATH}/KRProgressHUD.framework",
				"${TARGET_BUILD_DIR}/${FRAMEWORKS_FOLDER_PATH}/SwiftKeychainWrapper.framework",
			);
			runOnlyForDeploymentPostprocessing = 0;
			shellPath = /bin/sh;
			shellScript = "\"${SRCROOT}/Pods/Target Support Files/Pods-SocialMediaApp/Pods-SocialMediaApp-frameworks.sh\"\n";
			showEnvVarsInLog = 0;
		};
		B1DF2BF40A88A0303B00AD4F /* [CP] Copy Pods Resources */ = {
			isa = PBXShellScriptBuildPhase;
			buildActionMask = 2147483647;
			files = (
			);
			inputPaths = (
			);
			name = "[CP] Copy Pods Resources";
			outputPaths = (
			);
			runOnlyForDeploymentPostprocessing = 0;
			shellPath = /bin/sh;
			shellScript = "\"${SRCROOT}/Pods/Target Support Files/Pods-SocialMediaAppIntegrationTest/Pods-SocialMediaAppIntegrationTest-resources.sh\"\n";
			showEnvVarsInLog = 0;
		};
		D1555ADE1D3E292E1B56A36D /* [CP] Check Pods Manifest.lock */ = {
			isa = PBXShellScriptBuildPhase;
			buildActionMask = 2147483647;
			files = (
			);
			inputPaths = (
				"${PODS_PODFILE_DIR_PATH}/Podfile.lock",
				"${PODS_ROOT}/Manifest.lock",
			);
			name = "[CP] Check Pods Manifest.lock";
			outputPaths = (
				"$(DERIVED_FILE_DIR)/Pods-SocialMediaAppTests-checkManifestLockResult.txt",
			);
			runOnlyForDeploymentPostprocessing = 0;
			shellPath = /bin/sh;
			shellScript = "diff \"${PODS_PODFILE_DIR_PATH}/Podfile.lock\" \"${PODS_ROOT}/Manifest.lock\" > /dev/null\nif [ $? != 0 ] ; then\n    # print error to STDERR\n    echo \"error: The sandbox is not in sync with the Podfile.lock. Run 'pod install' or update your CocoaPods installation.\" >&2\n    exit 1\nfi\n# This output is used by Xcode 'outputs' to avoid re-running this script phase.\necho \"SUCCESS\" > \"${SCRIPT_OUTPUT_FILE_0}\"\n";
			showEnvVarsInLog = 0;
		};
/* End PBXShellScriptBuildPhase section */

/* Begin PBXSourcesBuildPhase section */
		713B12DE1D7D713F00AF79C3 /* Sources */ = {
			isa = PBXSourcesBuildPhase;
			buildActionMask = 2147483647;
			files = (
				71DEBBA11DCBC47B001A8588 /* EmailLogin.swift in Sources */,
				B214935A1F6E9B5C001D5C4D /* CreateNewAccountVC.swift in Sources */,
				B29EDB621F4B7C7200846AB3 /* Colors.swift in Sources */,
				7111C80C1DD4DC530012D32C /* RegEx.swift in Sources */,
				7111C7E51DCCB3270012D32C /* FacebookLogin.swift in Sources */,
				718BA3C51DC8CA2800E764C0 /* FirebaseLogin.swift in Sources */,
				B29EDB641F4B7E9000846AB3 /* RoundedButton.swift in Sources */,
				B29EDB661F4B7F0600846AB3 /* UIViewExtension.swift in Sources */,
				B21493611F6EA064001D5C4D /* RoundedView.swift in Sources */,
				719BFEAC1E2022CD006EB47A /* SpiderDetailVC.swift in Sources */,
				719BFE761E0AF97A006EB47A /* Globals.swift in Sources */,
				7104B2171DA8D9D50077CE84 /* UserSettingsVC.swift in Sources */,
				718BA3C31DC8C93D00E764C0 /* TwitterLogin.swift in Sources */,
				71EF4ABE1DAE5AAC00076B56 /* RoundedTextView.swift in Sources */,
				71CE62511D858C66002C5B0B /* CircleView.swift in Sources */,
				71CE62531D8692C5002C5B0B /* CellFeed.swift in Sources */,
				7111C7EB1DCDFEED0012D32C /* ReAuthenticateUserVC.swift in Sources */,
				B21493561F6E96AD001D5C4D /* ShowPopUp.swift in Sources */,
				713B131A1D7EBD5700AF79C3 /* ShadowView.swift in Sources */,
				715F554F1E1E3D05008DC82B /* UITextFieldExt.swift in Sources */,
				71CE62581D893323002C5B0B /* Post.swift in Sources */,
				715F55491E1D364C008DC82B /* SigInWithEmailVC.swift in Sources */,
				713B12E81D7D713F00AF79C3 /* SignInVC.swift in Sources */,
				71CE62561D882D6A002C5B0B /* DataService.swift in Sources */,
				71FE20931DAD32D50036FE9F /* TapImageView.swift in Sources */,
				B2A046BD1EBA633300035DB8 /* CustomErrorMessages.swift in Sources */,
				B206E1BC1F6D1888004A21A6 /* ClearTextField.swift in Sources */,
				B248B8671F962FE000338C5F /* WhiteTextLabel.swift in Sources */,
				713B12E61D7D713F00AF79C3 /* AppDelegate.swift in Sources */,
				715F554B1E1D3AEB008DC82B /* SpiderCollectionVC.swift in Sources */,
				7111C8251DE1BB8B0012D32C /* ChangeUserSettings.swift in Sources */,
				71EF4ABC1DAE569200076B56 /* RoundedContentView.swift in Sources */,
				71945C021EAA6BB000F76CD6 /* LocalNotifications.swift in Sources */,
				B2DC43871F50170700AAECC9 /* BaseVC.swift in Sources */,
				718BA3C11DC8BE3D00E764C0 /* VCExt.swift in Sources */,
				719BFEA81E1FD7D3006EB47A /* CellSpider.swift in Sources */,
				71A9EAE61DAA6887003B08BD /* ProfileImage.swift in Sources */,
				B248B8691F9630E400338C5F /* BlurView.swift in Sources */,
				71578F331D841DA5004B56AE /* FeedVC.swift in Sources */,
				719BFEA41E1D9E3F006EB47A /* AddSpiderVC.swift in Sources */,
				71F1F9551DB12517009D8A60 /* FirebaseUser.swift in Sources */,
				B214935C1F6E9F2C001D5C4D /* GlobalFunctions.swift in Sources */,
				B214935F1F6EA01F001D5C4D /* AuthenticationFailedPopUp.swift in Sources */,
				71EB434B1DCBBE0C00142783 /* CompleteSignInWthFirebaseDelegate.swift in Sources */,
				B21493581F6E9863001D5C4D /* StringsConstants.swift in Sources */,
				7111C7E91DCDFA080012D32C /* ChangeUserEmailVC.swift in Sources */,
				713B13211D7EC46800AF79C3 /* RoundedBorderTextField.swift in Sources */,
				7111C7E71DCDF38B0012D32C /* ChangeUserNamePopUpVC.swift in Sources */,
				713B131D1D7EBE2D00AF79C3 /* Constants.swift in Sources */,
				719BFEA11E1D723D006EB47A /* Spider.swift in Sources */,
			);
			runOnlyForDeploymentPostprocessing = 0;
		};
		795D354B1F97CC6A000BB7C0 /* Sources */ = {
			isa = PBXSourcesBuildPhase;
			buildActionMask = 2147483647;
			files = (
				795D354C1F97CC6A000BB7C0 /* EmailLogin.swift in Sources */,
				795D354D1F97CC6A000BB7C0 /* CreateNewAccountVC.swift in Sources */,
				795D354E1F97CC6A000BB7C0 /* Colors.swift in Sources */,
				795D354F1F97CC6A000BB7C0 /* RegEx.swift in Sources */,
				795D35501F97CC6A000BB7C0 /* FacebookLogin.swift in Sources */,
				795D35511F97CC6A000BB7C0 /* FirebaseLogin.swift in Sources */,
				795D35521F97CC6A000BB7C0 /* RoundedButton.swift in Sources */,
				795D35531F97CC6A000BB7C0 /* UIViewExtension.swift in Sources */,
				795D35541F97CC6A000BB7C0 /* RoundedView.swift in Sources */,
				795D35551F97CC6A000BB7C0 /* SpiderDetailVC.swift in Sources */,
				795D35561F97CC6A000BB7C0 /* Globals.swift in Sources */,
				795D35571F97CC6A000BB7C0 /* UserSettingsVC.swift in Sources */,
				795D35581F97CC6A000BB7C0 /* TwitterLogin.swift in Sources */,
				795D35591F97CC6A000BB7C0 /* RoundedTextView.swift in Sources */,
				795D355A1F97CC6A000BB7C0 /* CircleView.swift in Sources */,
				795D355B1F97CC6A000BB7C0 /* CellFeed.swift in Sources */,
				795D355C1F97CC6A000BB7C0 /* ReAuthenticateUserVC.swift in Sources */,
				795D355D1F97CC6A000BB7C0 /* ShowPopUp.swift in Sources */,
				795D355E1F97CC6A000BB7C0 /* ShadowView.swift in Sources */,
				795D355F1F97CC6A000BB7C0 /* UITextFieldExt.swift in Sources */,
				795D35601F97CC6A000BB7C0 /* Post.swift in Sources */,
				795D35611F97CC6A000BB7C0 /* SigInWithEmailVC.swift in Sources */,
				795D35621F97CC6A000BB7C0 /* SignInVC.swift in Sources */,
				795D35631F97CC6A000BB7C0 /* DataService.swift in Sources */,
				795D35641F97CC6A000BB7C0 /* TapImageView.swift in Sources */,
				795D35651F97CC6A000BB7C0 /* CustomErrorMessages.swift in Sources */,
				795D35661F97CC6A000BB7C0 /* ClearTextField.swift in Sources */,
				795D35671F97CC6A000BB7C0 /* WhiteTextLabel.swift in Sources */,
				795D35681F97CC6A000BB7C0 /* AppDelegate.swift in Sources */,
				795D35691F97CC6A000BB7C0 /* SpiderCollectionVC.swift in Sources */,
				795D356A1F97CC6A000BB7C0 /* ChangeUserSettings.swift in Sources */,
				795D356B1F97CC6A000BB7C0 /* RoundedContentView.swift in Sources */,
				795D356C1F97CC6A000BB7C0 /* LocalNotifications.swift in Sources */,
				795D356D1F97CC6A000BB7C0 /* BaseVC.swift in Sources */,
				795D356E1F97CC6A000BB7C0 /* VCExt.swift in Sources */,
				795D356F1F97CC6A000BB7C0 /* CellSpider.swift in Sources */,
				795D35701F97CC6A000BB7C0 /* ProfileImage.swift in Sources */,
				795D35711F97CC6A000BB7C0 /* BlurView.swift in Sources */,
				795D35721F97CC6A000BB7C0 /* FeedVC.swift in Sources */,
				795D35731F97CC6A000BB7C0 /* AddSpiderVC.swift in Sources */,
				795D35741F97CC6A000BB7C0 /* FirebaseUser.swift in Sources */,
				795D35751F97CC6A000BB7C0 /* GlobalFunctions.swift in Sources */,
				795D35761F97CC6A000BB7C0 /* AuthenticationFailedPopUp.swift in Sources */,
				795D35771F97CC6A000BB7C0 /* CompleteSignInWthFirebaseDelegate.swift in Sources */,
				795D35781F97CC6A000BB7C0 /* StringsConstants.swift in Sources */,
				795D35791F97CC6A000BB7C0 /* ChangeUserEmailVC.swift in Sources */,
				795D357A1F97CC6A000BB7C0 /* RoundedBorderTextField.swift in Sources */,
				795D357B1F97CC6A000BB7C0 /* ChangeUserNamePopUpVC.swift in Sources */,
				795D357C1F97CC6A000BB7C0 /* Constants.swift in Sources */,
				795D357D1F97CC6A000BB7C0 /* Spider.swift in Sources */,
			);
			runOnlyForDeploymentPostprocessing = 0;
		};
		B248B86A1F988AC700338C5F /* Sources */ = {
			isa = PBXSourcesBuildPhase;
			buildActionMask = 2147483647;
			files = (
				B248B88E1F98902A00338C5F /* SignInWithEmailTest.swift in Sources */,
				B248B88C1F988E7500338C5F /* Name.swift in Sources */,
				B248B88A1F988E4500338C5F /* BaseUITests.swift in Sources */,
				B248B8851F988D7D00338C5F /* KIF+Extensions.swift in Sources */,
			);
			runOnlyForDeploymentPostprocessing = 0;
		};
		B27C1CF11F953A480069C400 /* Sources */ = {
			isa = PBXSourcesBuildPhase;
			buildActionMask = 2147483647;
			files = (
				B27C1D011F953D450069C400 /* AuthenticationFailedPopUpTest.swift in Sources */,
			);
			runOnlyForDeploymentPostprocessing = 0;
		};
/* End PBXSourcesBuildPhase section */

/* Begin PBXTargetDependency section */
		B248B8741F988AC800338C5F /* PBXTargetDependency */ = {
			isa = PBXTargetDependency;
			target = 713B12E11D7D713F00AF79C3 /* SocialMediaApp */;
			targetProxy = B248B8731F988AC800338C5F /* PBXContainerItemProxy */;
		};
		B248B8791F988AE000338C5F /* PBXTargetDependency */ = {
			isa = PBXTargetDependency;
			target = 795D35491F97CC6A000BB7C0 /* SocialMediaApp-Dev */;
			targetProxy = B248B8781F988AE000338C5F /* PBXContainerItemProxy */;
		};
		B248B87B1F988AE500338C5F /* PBXTargetDependency */ = {
			isa = PBXTargetDependency;
			target = 795D35491F97CC6A000BB7C0 /* SocialMediaApp-Dev */;
			targetProxy = B248B87A1F988AE500338C5F /* PBXContainerItemProxy */;
		};
		B27C1CFB1F953A480069C400 /* PBXTargetDependency */ = {
			isa = PBXTargetDependency;
			target = 713B12E11D7D713F00AF79C3 /* SocialMediaApp */;
			targetProxy = B27C1CFA1F953A480069C400 /* PBXContainerItemProxy */;
		};
/* End PBXTargetDependency section */

/* Begin PBXVariantGroup section */
		713B12E91D7D713F00AF79C3 /* Main.storyboard */ = {
			isa = PBXVariantGroup;
			children = (
				713B12EA1D7D713F00AF79C3 /* Base */,
			);
			name = Main.storyboard;
			sourceTree = "<group>";
		};
		713B12EE1D7D713F00AF79C3 /* LaunchScreen.storyboard */ = {
			isa = PBXVariantGroup;
			children = (
				713B12EF1D7D713F00AF79C3 /* Base */,
			);
			name = LaunchScreen.storyboard;
			sourceTree = "<group>";
		};
/* End PBXVariantGroup section */

/* Begin XCBuildConfiguration section */
		713B13081D7D713F00AF79C3 /* Debug */ = {
			isa = XCBuildConfiguration;
			buildSettings = {
				ALWAYS_SEARCH_USER_PATHS = NO;
				CLANG_ANALYZER_NONNULL = YES;
				CLANG_CXX_LANGUAGE_STANDARD = "gnu++0x";
				CLANG_CXX_LIBRARY = "libc++";
				CLANG_ENABLE_MODULES = YES;
				CLANG_ENABLE_OBJC_ARC = YES;
				CLANG_WARN_BOOL_CONVERSION = YES;
				CLANG_WARN_CONSTANT_CONVERSION = YES;
				CLANG_WARN_DIRECT_OBJC_ISA_USAGE = YES_ERROR;
				CLANG_WARN_DOCUMENTATION_COMMENTS = YES;
				CLANG_WARN_EMPTY_BODY = YES;
				CLANG_WARN_ENUM_CONVERSION = YES;
				CLANG_WARN_INFINITE_RECURSION = YES;
				CLANG_WARN_INT_CONVERSION = YES;
				CLANG_WARN_OBJC_ROOT_CLASS = YES_ERROR;
				CLANG_WARN_SUSPICIOUS_MOVES = YES;
				CLANG_WARN_UNREACHABLE_CODE = YES;
				CLANG_WARN__DUPLICATE_METHOD_MATCH = YES;
				"CODE_SIGN_IDENTITY[sdk=iphoneos*]" = "iPhone Developer";
				COPY_PHASE_STRIP = NO;
				DEBUG_INFORMATION_FORMAT = dwarf;
				ENABLE_STRICT_OBJC_MSGSEND = YES;
				ENABLE_TESTABILITY = YES;
				GCC_C_LANGUAGE_STANDARD = gnu99;
				GCC_DYNAMIC_NO_PIC = NO;
				GCC_NO_COMMON_BLOCKS = YES;
				GCC_OPTIMIZATION_LEVEL = 0;
				GCC_PREPROCESSOR_DEFINITIONS = (
					"DEBUG=1",
					"$(inherited)",
				);
				GCC_WARN_64_TO_32_BIT_CONVERSION = YES;
				GCC_WARN_ABOUT_RETURN_TYPE = YES_ERROR;
				GCC_WARN_UNDECLARED_SELECTOR = YES;
				GCC_WARN_UNINITIALIZED_AUTOS = YES_AGGRESSIVE;
				GCC_WARN_UNUSED_FUNCTION = YES;
				GCC_WARN_UNUSED_VARIABLE = YES;
				IPHONEOS_DEPLOYMENT_TARGET = 10.0;
				MTL_ENABLE_DEBUG_INFO = YES;
				ONLY_ACTIVE_ARCH = YES;
				SDKROOT = iphoneos;
				SWIFT_ACTIVE_COMPILATION_CONDITIONS = DEBUG;
				SWIFT_OPTIMIZATION_LEVEL = "-Onone";
			};
			name = Debug;
		};
		713B13091D7D713F00AF79C3 /* Release */ = {
			isa = XCBuildConfiguration;
			buildSettings = {
				ALWAYS_SEARCH_USER_PATHS = NO;
				CLANG_ANALYZER_NONNULL = YES;
				CLANG_CXX_LANGUAGE_STANDARD = "gnu++0x";
				CLANG_CXX_LIBRARY = "libc++";
				CLANG_ENABLE_MODULES = YES;
				CLANG_ENABLE_OBJC_ARC = YES;
				CLANG_WARN_BOOL_CONVERSION = YES;
				CLANG_WARN_CONSTANT_CONVERSION = YES;
				CLANG_WARN_DIRECT_OBJC_ISA_USAGE = YES_ERROR;
				CLANG_WARN_DOCUMENTATION_COMMENTS = YES;
				CLANG_WARN_EMPTY_BODY = YES;
				CLANG_WARN_ENUM_CONVERSION = YES;
				CLANG_WARN_INFINITE_RECURSION = YES;
				CLANG_WARN_INT_CONVERSION = YES;
				CLANG_WARN_OBJC_ROOT_CLASS = YES_ERROR;
				CLANG_WARN_SUSPICIOUS_MOVES = YES;
				CLANG_WARN_UNREACHABLE_CODE = YES;
				CLANG_WARN__DUPLICATE_METHOD_MATCH = YES;
				"CODE_SIGN_IDENTITY[sdk=iphoneos*]" = "iPhone Developer";
				COPY_PHASE_STRIP = NO;
				DEBUG_INFORMATION_FORMAT = "dwarf-with-dsym";
				ENABLE_NS_ASSERTIONS = NO;
				ENABLE_STRICT_OBJC_MSGSEND = YES;
				GCC_C_LANGUAGE_STANDARD = gnu99;
				GCC_NO_COMMON_BLOCKS = YES;
				GCC_WARN_64_TO_32_BIT_CONVERSION = YES;
				GCC_WARN_ABOUT_RETURN_TYPE = YES_ERROR;
				GCC_WARN_UNDECLARED_SELECTOR = YES;
				GCC_WARN_UNINITIALIZED_AUTOS = YES_AGGRESSIVE;
				GCC_WARN_UNUSED_FUNCTION = YES;
				GCC_WARN_UNUSED_VARIABLE = YES;
				IPHONEOS_DEPLOYMENT_TARGET = 10.0;
				MTL_ENABLE_DEBUG_INFO = NO;
				SDKROOT = iphoneos;
				SWIFT_OPTIMIZATION_LEVEL = "-Owholemodule";
				VALIDATE_PRODUCT = YES;
			};
			name = Release;
		};
		713B130B1D7D713F00AF79C3 /* Debug */ = {
			isa = XCBuildConfiguration;
			baseConfigurationReference = 1ECB4C7DE4B73C61CA8DD4D4 /* Pods-SocialMediaApp.debug.xcconfig */;
			buildSettings = {
				ASSETCATALOG_COMPILER_APPICON_NAME = AppIcon;
				CLANG_ENABLE_MODULES = YES;
				CODE_SIGN_ENTITLEMENTS = SocialMediaApp/SocialMediaApp.entitlements;
				DEVELOPMENT_TEAM = 7K692Z62S3;
				INFOPLIST_FILE = SocialMediaApp/Info.plist;
				IPHONEOS_DEPLOYMENT_TARGET = 10.0;
				LD_RUNPATH_SEARCH_PATHS = "$(inherited) @executable_path/Frameworks";
				PRODUCT_BUNDLE_IDENTIFIER = com.incodewebelieve.SocialMediaApp;
				PRODUCT_NAME = "$(TARGET_NAME)";
				SWIFT_OBJC_BRIDGING_HEADER = "SocialMediaApp/SocialMediaApp-Bridging-Header.h";
				SWIFT_OPTIMIZATION_LEVEL = "-Onone";
				SWIFT_VERSION = 3.0;
			};
			name = Debug;
		};
		713B130C1D7D713F00AF79C3 /* Release */ = {
			isa = XCBuildConfiguration;
			baseConfigurationReference = CBBFC757ABB0FFE0093B5D8C /* Pods-SocialMediaApp.release.xcconfig */;
			buildSettings = {
				ASSETCATALOG_COMPILER_APPICON_NAME = AppIcon;
				CLANG_ENABLE_MODULES = YES;
				CODE_SIGN_ENTITLEMENTS = SocialMediaApp/SocialMediaApp.entitlements;
				DEVELOPMENT_TEAM = 7K692Z62S3;
				INFOPLIST_FILE = SocialMediaApp/Info.plist;
				IPHONEOS_DEPLOYMENT_TARGET = 10.0;
				LD_RUNPATH_SEARCH_PATHS = "$(inherited) @executable_path/Frameworks";
				PRODUCT_BUNDLE_IDENTIFIER = com.incodewebelieve.SocialMediaApp;
				PRODUCT_NAME = "$(TARGET_NAME)";
				SWIFT_OBJC_BRIDGING_HEADER = "SocialMediaApp/SocialMediaApp-Bridging-Header.h";
				SWIFT_VERSION = 3.0;
			};
			name = Release;
		};
		795D35891F97CC6A000BB7C0 /* Debug */ = {
			isa = XCBuildConfiguration;
			baseConfigurationReference = CBCF4D65EBEC3774CDD4F818 /* Pods-SocialMediaApp-Dev.debug.xcconfig */;
			buildSettings = {
				ASSETCATALOG_COMPILER_APPICON_NAME = AppIcon;
				CLANG_ENABLE_MODULES = YES;
				CODE_SIGN_ENTITLEMENTS = SocialMediaApp/SocialMediaApp.entitlements;
				DEVELOPMENT_TEAM = 7K692Z62S3;
				INFOPLIST_FILE = "Dev-Info.plist";
				IPHONEOS_DEPLOYMENT_TARGET = 10.0;
				LD_RUNPATH_SEARCH_PATHS = "$(inherited) @executable_path/Frameworks";
				OTHER_SWIFT_FLAGS = "$(inherited) \"-D\" \"COCOAPODS\" -DDEVELOPMENT";
				PRODUCT_BUNDLE_IDENTIFIER = "com.incodewebelieve.SocialMediaApp-Dev";
				PRODUCT_NAME = "$(TARGET_NAME)";
				SWIFT_OBJC_BRIDGING_HEADER = "SocialMediaApp/SocialMediaApp-Bridging-Header.h";
				SWIFT_OPTIMIZATION_LEVEL = "-Onone";
				SWIFT_VERSION = 3.0;
			};
			name = Debug;
		};
		795D358A1F97CC6A000BB7C0 /* Release */ = {
			isa = XCBuildConfiguration;
			baseConfigurationReference = 264D617238371E5DCBC81786 /* Pods-SocialMediaApp-Dev.release.xcconfig */;
			buildSettings = {
				ASSETCATALOG_COMPILER_APPICON_NAME = AppIcon;
				CLANG_ENABLE_MODULES = YES;
				CODE_SIGN_ENTITLEMENTS = SocialMediaApp/SocialMediaApp.entitlements;
				DEVELOPMENT_TEAM = 7K692Z62S3;
				INFOPLIST_FILE = "Dev-Info.plist";
				IPHONEOS_DEPLOYMENT_TARGET = 10.0;
				LD_RUNPATH_SEARCH_PATHS = "$(inherited) @executable_path/Frameworks";
				OTHER_SWIFT_FLAGS = "$(inherited) \"-D\" \"COCOAPODS\" -DDEVELOPMENT";
				PRODUCT_BUNDLE_IDENTIFIER = "com.incodewebelieve.SocialMediaApp-Dev";
				PRODUCT_NAME = "$(TARGET_NAME)";
				SWIFT_ACTIVE_COMPILATION_CONDITIONS = "";
				SWIFT_OBJC_BRIDGING_HEADER = "SocialMediaApp/SocialMediaApp-Bridging-Header.h";
				SWIFT_VERSION = 3.0;
			};
			name = Release;
		};
		B248B8751F988AC800338C5F /* Debug */ = {
			isa = XCBuildConfiguration;
			baseConfigurationReference = 0D0C8E3D72B868A69B3445F8 /* Pods-SocialMediaAppIntegrationTest.debug.xcconfig */;
			buildSettings = {
				ALWAYS_EMBED_SWIFT_STANDARD_LIBRARIES = YES;
				BUNDLE_LOADER = "$(TEST_HOST)";
				CLANG_ANALYZER_NUMBER_OBJECT_CONVERSION = YES_AGGRESSIVE;
				CLANG_ENABLE_MODULES = YES;
				CLANG_WARN_SUSPICIOUS_MOVE = YES;
				DEVELOPMENT_TEAM = 7K692Z62S3;
				INFOPLIST_FILE = SocialMediaAppIntegrationTest/Info.plist;
				IPHONEOS_DEPLOYMENT_TARGET = 10.3;
				LD_RUNPATH_SEARCH_PATHS = "$(inherited) @executable_path/Frameworks @loader_path/Frameworks";
				PRODUCT_BUNDLE_IDENTIFIER = com.grzegorzkwasniewski.SocialMediaAppIntegrationTest;
				PRODUCT_NAME = "$(TARGET_NAME)";
				SWIFT_OBJC_BRIDGING_HEADER = "SocialMediaAppIntegrationTest/SocialMediaAppIntegrationTest-Bridging-Header.h";
				SWIFT_OPTIMIZATION_LEVEL = "-Onone";
				SWIFT_VERSION = 3.0;
				TEST_HOST = "$(BUILT_PRODUCTS_DIR)/SocialMediaApp.app/SocialMediaApp";
			};
			name = Debug;
		};
		B248B8761F988AC800338C5F /* Release */ = {
			isa = XCBuildConfiguration;
			baseConfigurationReference = 9456A95C93947D28FACE026F /* Pods-SocialMediaAppIntegrationTest.release.xcconfig */;
			buildSettings = {
				ALWAYS_EMBED_SWIFT_STANDARD_LIBRARIES = YES;
				BUNDLE_LOADER = "$(TEST_HOST)";
				CLANG_ANALYZER_NUMBER_OBJECT_CONVERSION = YES_AGGRESSIVE;
				CLANG_ENABLE_MODULES = YES;
				CLANG_WARN_SUSPICIOUS_MOVE = YES;
				DEVELOPMENT_TEAM = 7K692Z62S3;
				INFOPLIST_FILE = SocialMediaAppIntegrationTest/Info.plist;
				IPHONEOS_DEPLOYMENT_TARGET = 10.3;
				LD_RUNPATH_SEARCH_PATHS = "$(inherited) @executable_path/Frameworks @loader_path/Frameworks";
				PRODUCT_BUNDLE_IDENTIFIER = com.grzegorzkwasniewski.SocialMediaAppIntegrationTest;
				PRODUCT_NAME = "$(TARGET_NAME)";
				SWIFT_OBJC_BRIDGING_HEADER = "SocialMediaAppIntegrationTest/SocialMediaAppIntegrationTest-Bridging-Header.h";
				SWIFT_VERSION = 3.0;
				TEST_HOST = "$(BUILT_PRODUCTS_DIR)/SocialMediaApp.app/SocialMediaApp";
			};
			name = Release;
		};
		B27C1CFD1F953A480069C400 /* Debug */ = {
			isa = XCBuildConfiguration;
			baseConfigurationReference = 5C4B31E556B31AEC95DCE060 /* Pods-SocialMediaAppTests.debug.xcconfig */;
			buildSettings = {
				BUNDLE_LOADER = "$(TEST_HOST)";
				CLANG_ANALYZER_NUMBER_OBJECT_CONVERSION = YES_AGGRESSIVE;
				CLANG_ENABLE_MODULES = YES;
				CLANG_WARN_SUSPICIOUS_MOVE = YES;
				DEVELOPMENT_TEAM = 7K692Z62S3;
				FRAMEWORK_SEARCH_PATHS = (
					"$(inherited)",
					"$(PROJECT_DIR)/build/Debug-iphoneos/Quick",
					"$(PROJECT_DIR)/build/Debug-iphoneos/Nimble",
				);
				INFOPLIST_FILE = SocialMediaAppTests/Info.plist;
				IPHONEOS_DEPLOYMENT_TARGET = 10.3;
				LD_RUNPATH_SEARCH_PATHS = "$(inherited) @executable_path/Frameworks @loader_path/Frameworks";
				PRODUCT_BUNDLE_IDENTIFIER = incodewebelieve.com.SocialMediaAppTests;
				PRODUCT_NAME = "$(TARGET_NAME)";
				SWIFT_OBJC_BRIDGING_HEADER = "SocialMediaAppTests/SocialMediaAppTests-Bridging-Header.h";
				SWIFT_OPTIMIZATION_LEVEL = "-Onone";
				SWIFT_VERSION = 3.0;
				TEST_HOST = "$(BUILT_PRODUCTS_DIR)/SocialMediaApp.app/SocialMediaApp";
			};
			name = Debug;
		};
		B27C1CFE1F953A480069C400 /* Release */ = {
			isa = XCBuildConfiguration;
			baseConfigurationReference = 44DED71F5572EE62F77C2998 /* Pods-SocialMediaAppTests.release.xcconfig */;
			buildSettings = {
				BUNDLE_LOADER = "$(TEST_HOST)";
				CLANG_ANALYZER_NUMBER_OBJECT_CONVERSION = YES_AGGRESSIVE;
				CLANG_ENABLE_MODULES = YES;
				CLANG_WARN_SUSPICIOUS_MOVE = YES;
				DEVELOPMENT_TEAM = 7K692Z62S3;
				FRAMEWORK_SEARCH_PATHS = (
					"$(inherited)",
					"$(PROJECT_DIR)/build/Debug-iphoneos/Quick",
					"$(PROJECT_DIR)/build/Debug-iphoneos/Nimble",
				);
				INFOPLIST_FILE = SocialMediaAppTests/Info.plist;
				IPHONEOS_DEPLOYMENT_TARGET = 10.3;
				LD_RUNPATH_SEARCH_PATHS = "$(inherited) @executable_path/Frameworks @loader_path/Frameworks";
				PRODUCT_BUNDLE_IDENTIFIER = incodewebelieve.com.SocialMediaAppTests;
				PRODUCT_NAME = "$(TARGET_NAME)";
				SWIFT_OBJC_BRIDGING_HEADER = "SocialMediaAppTests/SocialMediaAppTests-Bridging-Header.h";
				SWIFT_VERSION = 3.0;
				TEST_HOST = "$(BUILT_PRODUCTS_DIR)/SocialMediaApp.app/SocialMediaApp";
			};
			name = Release;
		};
/* End XCBuildConfiguration section */

/* Begin XCConfigurationList section */
		713B12DD1D7D713F00AF79C3 /* Build configuration list for PBXProject "SocialMediaApp" */ = {
			isa = XCConfigurationList;
			buildConfigurations = (
				713B13081D7D713F00AF79C3 /* Debug */,
				713B13091D7D713F00AF79C3 /* Release */,
			);
			defaultConfigurationIsVisible = 0;
			defaultConfigurationName = Release;
		};
		713B130A1D7D713F00AF79C3 /* Build configuration list for PBXNativeTarget "SocialMediaApp" */ = {
			isa = XCConfigurationList;
			buildConfigurations = (
				713B130B1D7D713F00AF79C3 /* Debug */,
				713B130C1D7D713F00AF79C3 /* Release */,
			);
			defaultConfigurationIsVisible = 0;
			defaultConfigurationName = Release;
		};
		795D35881F97CC6A000BB7C0 /* Build configuration list for PBXNativeTarget "SocialMediaApp-Dev" */ = {
			isa = XCConfigurationList;
			buildConfigurations = (
				795D35891F97CC6A000BB7C0 /* Debug */,
				795D358A1F97CC6A000BB7C0 /* Release */,
			);
			defaultConfigurationIsVisible = 0;
			defaultConfigurationName = Release;
		};
		B248B8771F988AC800338C5F /* Build configuration list for PBXNativeTarget "SocialMediaAppIntegrationTest" */ = {
			isa = XCConfigurationList;
			buildConfigurations = (
				B248B8751F988AC800338C5F /* Debug */,
				B248B8761F988AC800338C5F /* Release */,
			);
			defaultConfigurationIsVisible = 0;
			defaultConfigurationName = Release;
		};
		B27C1CFC1F953A480069C400 /* Build configuration list for PBXNativeTarget "SocialMediaAppTests" */ = {
			isa = XCConfigurationList;
			buildConfigurations = (
				B27C1CFD1F953A480069C400 /* Debug */,
				B27C1CFE1F953A480069C400 /* Release */,
			);
			defaultConfigurationIsVisible = 0;
			defaultConfigurationName = Release;
		};
/* End XCConfigurationList section */
	};
	rootObject = 713B12DA1D7D713F00AF79C3 /* Project object */;
}
